
Microsoft Visual Studio Solution File, Format Version 12.00
# Visual Studio Version 16
Project("{2150E333-8FDC-42A3-9474-1A3956D46DE8}") = "CMake Targets", "CMake Targets", "{9DE66D3A-E500-3672-86A4-538D7D14FE71}"
EndProject
Project("{2150E333-8FDC-42A3-9474-1A3956D46DE8}") = "Core", "Core", "{786FE469-3C2E-3245-B7C2-8D4998CC091F}"
EndProject
Project("{2150E333-8FDC-42A3-9474-1A3956D46DE8}") = "Plugins", "Plugins", "{41C2CC53-7E28-30AA-8A92-CAFCE7921843}"
EndProject
Project("{8BC9CEB8-8B4A-11D0-8D11-00A0C91BC942}") = "ALL_BUILD", "ALL_BUILD.vcxproj", "{361CC55A-25E5-38F7-9801-470AA3D3810D}"
	ProjectSection(ProjectDependencies) = postProject
		{AF46AD19-6724-3532-B2FE-489CE19E1CFD} = {AF46AD19-6724-3532-B2FE-489CE19E1CFD}
		{99ABC910-324C-338C-8479-FDB1F4C2C84F} = {99ABC910-324C-338C-8479-FDB1F4C2C84F}
		{9DE840A5-90C2-3EAB-AA85-72F46E89C3C1} = {9DE840A5-90C2-3EAB-AA85-72F46E89C3C1}
		{F288A2E1-213F-37D1-9D0E-4B260563E493} = {F288A2E1-213F-37D1-9D0E-4B260563E493}
		{3C746FA9-0521-3E5E-B81B-F95B418D24C9} = {3C746FA9-0521-3E5E-B81B-F95B418D24C9}
		{B54EB331-706C-3938-BCCA-097BA5444C78} = {B54EB331-706C-3938-BCCA-097BA5444C78}
		{AE1D0DD0-5F32-33C0-BE4F-E60AD301535A} = {AE1D0DD0-5F32-33C0-BE4F-E60AD301535A}
		{A2107095-7085-3A21-B028-69CFE2CF56DC} = {A2107095-7085-3A21-B028-69CFE2CF56DC}
		{7ECE009D-E4D9-3CB8-8FDB-7D30352E9197} = {7ECE009D-E4D9-3CB8-8FDB-7D30352E9197}
		{048BE478-5C10-3643-A581-844F8D5F2370} = {048BE478-5C10-3643-A581-844F8D5F2370}
		{0F1E7665-1DC3-3206-9897-D0A50B02B924} = {0F1E7665-1DC3-3206-9897-D0A50B02B924}
		{4D0984B7-C1C4-34E0-86D4-CDD468540C29} = {4D0984B7-C1C4-34E0-86D4-CDD468540C29}
		{BC8E03B5-5A08-360F-9B2B-8BDFFC1A3B19} = {BC8E03B5-5A08-360F-9B2B-8BDFFC1A3B19}
		{B03686F8-8B7B-3595-B7FF-C1D45C789B4A} = {B03686F8-8B7B-3595-B7FF-C1D45C789B4A}
		{09AEFF7D-2303-3CF4-83E9-DD302F5F7AB3} = {09AEFF7D-2303-3CF4-83E9-DD302F5F7AB3}
		{D49D9CAF-28D9-340A-8FE6-C16963EBCC1E} = {D49D9CAF-28D9-340A-8FE6-C16963EBCC1E}
		{6A3A8B43-0DC3-36DB-A098-134CF8D849BC} = {6A3A8B43-0DC3-36DB-A098-134CF8D849BC}
		{4F8F7404-5EBF-37FD-864F-B2D886FAA7BE} = {4F8F7404-5EBF-37FD-864F-B2D886FAA7BE}
		{0A61156D-2009-3F25-8D5E-A9027A6166F1} = {0A61156D-2009-3F25-8D5E-A9027A6166F1}
		{0543BC7F-3715-37FE-95AB-028C80FD3293} = {0543BC7F-3715-37FE-95AB-028C80FD3293}
		{4C543792-6740-3E54-97E7-E377F18998E9} = {4C543792-6740-3E54-97E7-E377F18998E9}
		{5839CEAA-8461-35C9-88C4-8E0044ABB539} = {5839CEAA-8461-35C9-88C4-8E0044ABB539}
		{8EFD56B8-082F-3B1E-B396-88CA791A14E7} = {8EFD56B8-082F-3B1E-B396-88CA791A14E7}
		{4B4C6546-372B-342B-B8C7-781F7C80763C} = {4B4C6546-372B-342B-B8C7-781F7C80763C}
		{0CB6FDC1-4E99-343C-9AFC-B4295FBF7286} = {0CB6FDC1-4E99-343C-9AFC-B4295FBF7286}
	EndProjectSection
EndProject
Project("{8BC9CEB8-8B4A-11D0-8D11-00A0C91BC942}") = "INSTALL", "INSTALL.vcxproj", "{EBB011E1-D606-3CBB-9CEA-A59863471ABA}"
	ProjectSection(ProjectDependencies) = postProject
		{361CC55A-25E5-38F7-9801-470AA3D3810D} = {361CC55A-25E5-38F7-9801-470AA3D3810D}
		{AF46AD19-6724-3532-B2FE-489CE19E1CFD} = {AF46AD19-6724-3532-B2FE-489CE19E1CFD}
	EndProjectSection
EndProject
Project("{8BC9CEB8-8B4A-11D0-8D11-00A0C91BC942}") = "ZERO_CHECK", "..\..\\ZERO_CHECK.vcxproj", "{AF46AD19-6724-3532-B2FE-489CE19E1CFD}"
	ProjectSection(ProjectDependencies) = postProject
	EndProjectSection
EndProject
Project("{8BC9CEB8-8B4A-11D0-8D11-00A0C91BC942}") = "osgEarth", "..\osgEarth\osgEarth.vcxproj", "{A2D824F6-59F1-311F-B6BB-D17AFA9161FE}"
	ProjectSection(ProjectDependencies) = postProject
		{AF46AD19-6724-3532-B2FE-489CE19E1CFD} = {AF46AD19-6724-3532-B2FE-489CE19E1CFD}
	EndProjectSection
EndProject
Project("{8BC9CEB8-8B4A-11D0-8D11-00A0C91BC942}") = "osgdb_basis", "basis\osgdb_basis.vcxproj", "{99ABC910-324C-338C-8479-FDB1F4C2C84F}"
	ProjectSection(ProjectDependencies) = postProject
		{AF46AD19-6724-3532-B2FE-489CE19E1CFD} = {AF46AD19-6724-3532-B2FE-489CE19E1CFD}
		{A2D824F6-59F1-311F-B6BB-D17AFA9161FE} = {A2D824F6-59F1-311F-B6BB-D17AFA9161FE}
	EndProjectSection
EndProject
Project("{8BC9CEB8-8B4A-11D0-8D11-00A0C91BC942}") = "osgdb_earth", "earth\osgdb_earth.vcxproj", "{9DE840A5-90C2-3EAB-AA85-72F46E89C3C1}"
	ProjectSection(ProjectDependencies) = postProject
		{AF46AD19-6724-3532-B2FE-489CE19E1CFD} = {AF46AD19-6724-3532-B2FE-489CE19E1CFD}
		{A2D824F6-59F1-311F-B6BB-D17AFA9161FE} = {A2D824F6-59F1-311F-B6BB-D17AFA9161FE}
	EndProjectSection
EndProject
Project("{8BC9CEB8-8B4A-11D0-8D11-00A0C91BC942}") = "osgdb_fastdxt", "fastdxt\osgdb_fastdxt.vcxproj", "{F288A2E1-213F-37D1-9D0E-4B260563E493}"
	ProjectSection(ProjectDependencies) = postProject
		{AF46AD19-6724-3532-B2FE-489CE19E1CFD} = {AF46AD19-6724-3532-B2FE-489CE19E1CFD}
		{A2D824F6-59F1-311F-B6BB-D17AFA9161FE} = {A2D824F6-59F1-311F-B6BB-D17AFA9161FE}
	EndProjectSection
EndProject
Project("{8BC9CEB8-8B4A-11D0-8D11-00A0C91BC942}") = "osgdb_gltf", "gltf\osgdb_gltf.vcxproj", "{3C746FA9-0521-3E5E-B81B-F95B418D24C9}"
	ProjectSection(ProjectDependencies) = postProject
		{AF46AD19-6724-3532-B2FE-489CE19E1CFD} = {AF46AD19-6724-3532-B2FE-489CE19E1CFD}
		{A2D824F6-59F1-311F-B6BB-D17AFA9161FE} = {A2D824F6-59F1-311F-B6BB-D17AFA9161FE}
	EndProjectSection
EndProject
Project("{8BC9CEB8-8B4A-11D0-8D11-00A0C91BC942}") = "osgdb_kml", "kml\osgdb_kml.vcxproj", "{B54EB331-706C-3938-BCCA-097BA5444C78}"
	ProjectSection(ProjectDependencies) = postProject
		{AF46AD19-6724-3532-B2FE-489CE19E1CFD} = {AF46AD19-6724-3532-B2FE-489CE19E1CFD}
		{A2D824F6-59F1-311F-B6BB-D17AFA9161FE} = {A2D824F6-59F1-311F-B6BB-D17AFA9161FE}
	EndProjectSection
EndProject
Project("{8BC9CEB8-8B4A-11D0-8D11-00A0C91BC942}") = "osgdb_lerc", "lerc\osgdb_lerc.vcxproj", "{AE1D0DD0-5F32-33C0-BE4F-E60AD301535A}"
	ProjectSection(ProjectDependencies) = postProject
		{AF46AD19-6724-3532-B2FE-489CE19E1CFD} = {AF46AD19-6724-3532-B2FE-489CE19E1CFD}
		{A2D824F6-59F1-311F-B6BB-D17AFA9161FE} = {A2D824F6-59F1-311F-B6BB-D17AFA9161FE}
	EndProjectSection
EndProject
Project("{8BC9CEB8-8B4A-11D0-8D11-00A0C91BC942}") = "osgdb_osgearth_bumpmap", "bumpmap\osgdb_osgearth_bumpmap.vcxproj", "{A2107095-7085-3A21-B028-69CFE2CF56DC}"
	ProjectSection(ProjectDependencies) = postProject
		{AF46AD19-6724-3532-B2FE-489CE19E1CFD} = {AF46AD19-6724-3532-B2FE-489CE19E1CFD}
		{A2D824F6-59F1-311F-B6BB-D17AFA9161FE} = {A2D824F6-59F1-311F-B6BB-D17AFA9161FE}
	EndProjectSection
EndProject
Project("{8BC9CEB8-8B4A-11D0-8D11-00A0C91BC942}") = "osgdb_osgearth_cache_filesystem", "cache_filesystem\osgdb_osgearth_cache_filesystem.vcxproj", "{7ECE009D-E4D9-3CB8-8FDB-7D30352E9197}"
	ProjectSection(ProjectDependencies) = postProject
		{AF46AD19-6724-3532-B2FE-489CE19E1CFD} = {AF46AD19-6724-3532-B2FE-489CE19E1CFD}
		{A2D824F6-59F1-311F-B6BB-D17AFA9161FE} = {A2D824F6-59F1-311F-B6BB-D17AFA9161FE}
	EndProjectSection
EndProject
Project("{8BC9CEB8-8B4A-11D0-8D11-00A0C91BC942}") = "osgdb_osgearth_colorramp", "colorramp\osgdb_osgearth_colorramp.vcxproj", "{048BE478-5C10-3643-A581-844F8D5F2370}"
	ProjectSection(ProjectDependencies) = postProject
		{AF46AD19-6724-3532-B2FE-489CE19E1CFD} = {AF46AD19-6724-3532-B2FE-489CE19E1CFD}
		{A2D824F6-59F1-311F-B6BB-D17AFA9161FE} = {A2D824F6-59F1-311F-B6BB-D17AFA9161FE}
	EndProjectSection
EndProject
Project("{8BC9CEB8-8B4A-11D0-8D11-00A0C91BC942}") = "osgdb_osgearth_detail", "detail\osgdb_osgearth_detail.vcxproj", "{0F1E7665-1DC3-3206-9897-D0A50B02B924}"
	ProjectSection(ProjectDependencies) = postProject
		{AF46AD19-6724-3532-B2FE-489CE19E1CFD} = {AF46AD19-6724-3532-B2FE-489CE19E1CFD}
		{A2D824F6-59F1-311F-B6BB-D17AFA9161FE} = {A2D824F6-59F1-311F-B6BB-D17AFA9161FE}
	EndProjectSection
EndProject
Project("{8BC9CEB8-8B4A-11D0-8D11-00A0C91BC942}") = "osgdb_osgearth_engine_rex", "engine_rex\osgdb_osgearth_engine_rex.vcxproj", "{4D0984B7-C1C4-34E0-86D4-CDD468540C29}"
	ProjectSection(ProjectDependencies) = postProject
		{AF46AD19-6724-3532-B2FE-489CE19E1CFD} = {AF46AD19-6724-3532-B2FE-489CE19E1CFD}
		{A2D824F6-59F1-311F-B6BB-D17AFA9161FE} = {A2D824F6-59F1-311F-B6BB-D17AFA9161FE}
	EndProjectSection
EndProject
Project("{8BC9CEB8-8B4A-11D0-8D11-00A0C91BC942}") = "osgdb_osgearth_featurefilter_intersect", "featurefilter_intersect\osgdb_osgearth_featurefilter_intersect.vcxproj", "{BC8E03B5-5A08-360F-9B2B-8BDFFC1A3B19}"
	ProjectSection(ProjectDependencies) = postProject
		{AF46AD19-6724-3532-B2FE-489CE19E1CFD} = {AF46AD19-6724-3532-B2FE-489CE19E1CFD}
		{A2D824F6-59F1-311F-B6BB-D17AFA9161FE} = {A2D824F6-59F1-311F-B6BB-D17AFA9161FE}
	EndProjectSection
EndProject
Project("{8BC9CEB8-8B4A-11D0-8D11-00A0C91BC942}") = "osgdb_osgearth_featurefilter_join", "featurefilter_join\osgdb_osgearth_featurefilter_join.vcxproj", "{B03686F8-8B7B-3595-B7FF-C1D45C789B4A}"
	ProjectSection(ProjectDependencies) = postProject
		{AF46AD19-6724-3532-B2FE-489CE19E1CFD} = {AF46AD19-6724-3532-B2FE-489CE19E1CFD}
		{A2D824F6-59F1-311F-B6BB-D17AFA9161FE} = {A2D824F6-59F1-311F-B6BB-D17AFA9161FE}
	EndProjectSection
EndProject
Project("{8BC9CEB8-8B4A-11D0-8D11-00A0C91BC942}") = "osgdb_osgearth_mapinspector", "mapinspector\osgdb_osgearth_mapinspector.vcxproj", "{09AEFF7D-2303-3CF4-83E9-DD302F5F7AB3}"
	ProjectSection(ProjectDependencies) = postProject
		{AF46AD19-6724-3532-B2FE-489CE19E1CFD} = {AF46AD19-6724-3532-B2FE-489CE19E1CFD}
		{A2D824F6-59F1-311F-B6BB-D17AFA9161FE} = {A2D824F6-59F1-311F-B6BB-D17AFA9161FE}
	EndProjectSection
EndProject
Project("{8BC9CEB8-8B4A-11D0-8D11-00A0C91BC942}") = "osgdb_osgearth_monitor", "monitor\osgdb_osgearth_monitor.vcxproj", "{D49D9CAF-28D9-340A-8FE6-C16963EBCC1E}"
	ProjectSection(ProjectDependencies) = postProject
		{AF46AD19-6724-3532-B2FE-489CE19E1CFD} = {AF46AD19-6724-3532-B2FE-489CE19E1CFD}
		{A2D824F6-59F1-311F-B6BB-D17AFA9161FE} = {A2D824F6-59F1-311F-B6BB-D17AFA9161FE}
	EndProjectSection
EndProject
Project("{8BC9CEB8-8B4A-11D0-8D11-00A0C91BC942}") = "osgdb_osgearth_scriptengine_javascript", "script_engine_duktape\osgdb_osgearth_scriptengine_javascript.vcxproj", "{6A3A8B43-0DC3-36DB-A098-134CF8D849BC}"
	ProjectSection(ProjectDependencies) = postProject
		{AF46AD19-6724-3532-B2FE-489CE19E1CFD} = {AF46AD19-6724-3532-B2FE-489CE19E1CFD}
		{A2D824F6-59F1-311F-B6BB-D17AFA9161FE} = {A2D824F6-59F1-311F-B6BB-D17AFA9161FE}
	EndProjectSection
EndProject
Project("{8BC9CEB8-8B4A-11D0-8D11-00A0C91BC942}") = "osgdb_osgearth_sky_gl", "sky_gl\osgdb_osgearth_sky_gl.vcxproj", "{4F8F7404-5EBF-37FD-864F-B2D886FAA7BE}"
	ProjectSection(ProjectDependencies) = postProject
		{AF46AD19-6724-3532-B2FE-489CE19E1CFD} = {AF46AD19-6724-3532-B2FE-489CE19E1CFD}
		{A2D824F6-59F1-311F-B6BB-D17AFA9161FE} = {A2D824F6-59F1-311F-B6BB-D17AFA9161FE}
	EndProjectSection
EndProject
Project("{8BC9CEB8-8B4A-11D0-8D11-00A0C91BC942}") = "osgdb_osgearth_sky_simple", "sky_simple\osgdb_osgearth_sky_simple.vcxproj", "{0A61156D-2009-3F25-8D5E-A9027A6166F1}"
	ProjectSection(ProjectDependencies) = postProject
		{AF46AD19-6724-3532-B2FE-489CE19E1CFD} = {AF46AD19-6724-3532-B2FE-489CE19E1CFD}
		{A2D824F6-59F1-311F-B6BB-D17AFA9161FE} = {A2D824F6-59F1-311F-B6BB-D17AFA9161FE}
	EndProjectSection
EndProject
Project("{8BC9CEB8-8B4A-11D0-8D11-00A0C91BC942}") = "osgdb_osgearth_terrainshader", "terrainshader\osgdb_osgearth_terrainshader.vcxproj", "{0543BC7F-3715-37FE-95AB-028C80FD3293}"
	ProjectSection(ProjectDependencies) = postProject
		{AF46AD19-6724-3532-B2FE-489CE19E1CFD} = {AF46AD19-6724-3532-B2FE-489CE19E1CFD}
		{A2D824F6-59F1-311F-B6BB-D17AFA9161FE} = {A2D824F6-59F1-311F-B6BB-D17AFA9161FE}
	EndProjectSection
EndProject
Project("{8BC9CEB8-8B4A-11D0-8D11-00A0C91BC942}") = "osgdb_osgearth_vdatum_egm2008", "vdatum_egm2008\osgdb_osgearth_vdatum_egm2008.vcxproj", "{4C543792-6740-3E54-97E7-E377F18998E9}"
	ProjectSection(ProjectDependencies) = postProject
		{AF46AD19-6724-3532-B2FE-489CE19E1CFD} = {AF46AD19-6724-3532-B2FE-489CE19E1CFD}
		{A2D824F6-59F1-311F-B6BB-D17AFA9161FE} = {A2D824F6-59F1-311F-B6BB-D17AFA9161FE}
	EndProjectSection
EndProject
Project("{8BC9CEB8-8B4A-11D0-8D11-00A0C91BC942}") = "osgdb_osgearth_vdatum_egm84", "vdatum_egm84\osgdb_osgearth_vdatum_egm84.vcxproj", "{5839CEAA-8461-35C9-88C4-8E0044ABB539}"
	ProjectSection(ProjectDependencies) = postProject
		{AF46AD19-6724-3532-B2FE-489CE19E1CFD} = {AF46AD19-6724-3532-B2FE-489CE19E1CFD}
		{A2D824F6-59F1-311F-B6BB-D17AFA9161FE} = {A2D824F6-59F1-311F-B6BB-D17AFA9161FE}
	EndProjectSection
EndProject
Project("{8BC9CEB8-8B4A-11D0-8D11-00A0C91BC942}") = "osgdb_osgearth_vdatum_egm96", "vdatum_egm96\osgdb_osgearth_vdatum_egm96.vcxproj", "{8EFD56B8-082F-3B1E-B396-88CA791A14E7}"
	ProjectSection(ProjectDependencies) = postProject
		{AF46AD19-6724-3532-B2FE-489CE19E1CFD} = {AF46AD19-6724-3532-B2FE-489CE19E1CFD}
		{A2D824F6-59F1-311F-B6BB-D17AFA9161FE} = {A2D824F6-59F1-311F-B6BB-D17AFA9161FE}
	EndProjectSection
EndProject
Project("{8BC9CEB8-8B4A-11D0-8D11-00A0C91BC942}") = "osgdb_osgearth_viewpoints", "viewpoints\osgdb_osgearth_viewpoints.vcxproj", "{4B4C6546-372B-342B-B8C7-781F7C80763C}"
	ProjectSection(ProjectDependencies) = postProject
		{AF46AD19-6724-3532-B2FE-489CE19E1CFD} = {AF46AD19-6724-3532-B2FE-489CE19E1CFD}
		{A2D824F6-59F1-311F-B6BB-D17AFA9161FE} = {A2D824F6-59F1-311F-B6BB-D17AFA9161FE}
	EndProjectSection
EndProject
Project("{8BC9CEB8-8B4A-11D0-8D11-00A0C91BC942}") = "osgdb_template", "template\osgdb_template.vcxproj", "{0CB6FDC1-4E99-343C-9AFC-B4295FBF7286}"
	ProjectSection(ProjectDependencies) = postProject
		{AF46AD19-6724-3532-B2FE-489CE19E1CFD} = {AF46AD19-6724-3532-B2FE-489CE19E1CFD}
		{A2D824F6-59F1-311F-B6BB-D17AFA9161FE} = {A2D824F6-59F1-311F-B6BB-D17AFA9161FE}
	EndProjectSection
EndProject
Global
	GlobalSection(SolutionConfigurationPlatforms) = preSolution
		Debug|x64 = Debug|x64
		Release|x64 = Release|x64
		MinSizeRel|x64 = MinSizeRel|x64
		RelWithDebInfo|x64 = RelWithDebInfo|x64
	EndGlobalSection
	GlobalSection(ProjectConfigurationPlatforms) = postSolution
		{361CC55A-25E5-38F7-9801-470AA3D3810D}.Debug|x64.ActiveCfg = Debug|x64
		{361CC55A-25E5-38F7-9801-470AA3D3810D}.Debug|x64.Build.0 = Debug|x64
		{361CC55A-25E5-38F7-9801-470AA3D3810D}.Release|x64.ActiveCfg = Release|x64
		{361CC55A-25E5-38F7-9801-470AA3D3810D}.Release|x64.Build.0 = Release|x64
		{361CC55A-25E5-38F7-9801-470AA3D3810D}.MinSizeRel|x64.ActiveCfg = MinSizeRel|x64
		{361CC55A-25E5-38F7-9801-470AA3D3810D}.MinSizeRel|x64.Build.0 = MinSizeRel|x64
		{361CC55A-25E5-38F7-9801-470AA3D3810D}.RelWithDebInfo|x64.ActiveCfg = RelWithDebInfo|x64
		{361CC55A-25E5-38F7-9801-470AA3D3810D}.RelWithDebInfo|x64.Build.0 = RelWithDebInfo|x64
		{EBB011E1-D606-3CBB-9CEA-A59863471ABA}.Debug|x64.ActiveCfg = Debug|x64
		{EBB011E1-D606-3CBB-9CEA-A59863471ABA}.Release|x64.ActiveCfg = Release|x64
		{EBB011E1-D606-3CBB-9CEA-A59863471ABA}.MinSizeRel|x64.ActiveCfg = MinSizeRel|x64
		{EBB011E1-D606-3CBB-9CEA-A59863471ABA}.RelWithDebInfo|x64.ActiveCfg = RelWithDebInfo|x64
		{AF46AD19-6724-3532-B2FE-489CE19E1CFD}.Debug|x64.ActiveCfg = Debug|x64
		{AF46AD19-6724-3532-B2FE-489CE19E1CFD}.Debug|x64.Build.0 = Debug|x64
		{AF46AD19-6724-3532-B2FE-489CE19E1CFD}.Release|x64.ActiveCfg = Release|x64
		{AF46AD19-6724-3532-B2FE-489CE19E1CFD}.Release|x64.Build.0 = Release|x64
		{AF46AD19-6724-3532-B2FE-489CE19E1CFD}.MinSizeRel|x64.ActiveCfg = MinSizeRel|x64
		{AF46AD19-6724-3532-B2FE-489CE19E1CFD}.MinSizeRel|x64.Build.0 = MinSizeRel|x64
		{AF46AD19-6724-3532-B2FE-489CE19E1CFD}.RelWithDebInfo|x64.ActiveCfg = RelWithDebInfo|x64
		{AF46AD19-6724-3532-B2FE-489CE19E1CFD}.RelWithDebInfo|x64.Build.0 = RelWithDebInfo|x64
		{A2D824F6-59F1-311F-B6BB-D17AFA9161FE}.Debug|x64.ActiveCfg = Debug|x64
		{A2D824F6-59F1-311F-B6BB-D17AFA9161FE}.Debug|x64.Build.0 = Debug|x64
		{A2D824F6-59F1-311F-B6BB-D17AFA9161FE}.Release|x64.ActiveCfg = Release|x64
		{A2D824F6-59F1-311F-B6BB-D17AFA9161FE}.Release|x64.Build.0 = Release|x64
		{A2D824F6-59F1-311F-B6BB-D17AFA9161FE}.MinSizeRel|x64.ActiveCfg = MinSizeRel|x64
		{A2D824F6-59F1-311F-B6BB-D17AFA9161FE}.MinSizeRel|x64.Build.0 = MinSizeRel|x64
		{A2D824F6-59F1-311F-B6BB-D17AFA9161FE}.RelWithDebInfo|x64.ActiveCfg = RelWithDebInfo|x64
		{A2D824F6-59F1-311F-B6BB-D17AFA9161FE}.RelWithDebInfo|x64.Build.0 = RelWithDebInfo|x64
		{99ABC910-324C-338C-8479-FDB1F4C2C84F}.Debug|x64.ActiveCfg = Debug|x64
		{99ABC910-324C-338C-8479-FDB1F4C2C84F}.Debug|x64.Build.0 = Debug|x64
		{99ABC910-324C-338C-8479-FDB1F4C2C84F}.Release|x64.ActiveCfg = Release|x64
		{99ABC910-324C-338C-8479-FDB1F4C2C84F}.Release|x64.Build.0 = Release|x64
		{99ABC910-324C-338C-8479-FDB1F4C2C84F}.MinSizeRel|x64.ActiveCfg = MinSizeRel|x64
		{99ABC910-324C-338C-8479-FDB1F4C2C84F}.MinSizeRel|x64.Build.0 = MinSizeRel|x64
		{99ABC910-324C-338C-8479-FDB1F4C2C84F}.RelWithDebInfo|x64.ActiveCfg = RelWithDebInfo|x64
		{99ABC910-324C-338C-8479-FDB1F4C2C84F}.RelWithDebInfo|x64.Build.0 = RelWithDebInfo|x64
		{9DE840A5-90C2-3EAB-AA85-72F46E89C3C1}.Debug|x64.ActiveCfg = Debug|x64
		{9DE840A5-90C2-3EAB-AA85-72F46E89C3C1}.Debug|x64.Build.0 = Debug|x64
		{9DE840A5-90C2-3EAB-AA85-72F46E89C3C1}.Release|x64.ActiveCfg = Release|x64
		{9DE840A5-90C2-3EAB-AA85-72F46E89C3C1}.Release|x64.Build.0 = Release|x64
		{9DE840A5-90C2-3EAB-AA85-72F46E89C3C1}.MinSizeRel|x64.ActiveCfg = MinSizeRel|x64
		{9DE840A5-90C2-3EAB-AA85-72F46E89C3C1}.MinSizeRel|x64.Build.0 = MinSizeRel|x64
		{9DE840A5-90C2-3EAB-AA85-72F46E89C3C1}.RelWithDebInfo|x64.ActiveCfg = RelWithDebInfo|x64
		{9DE840A5-90C2-3EAB-AA85-72F46E89C3C1}.RelWithDebInfo|x64.Build.0 = RelWithDebInfo|x64
		{F288A2E1-213F-37D1-9D0E-4B260563E493}.Debug|x64.ActiveCfg = Debug|x64
		{F288A2E1-213F-37D1-9D0E-4B260563E493}.Debug|x64.Build.0 = Debug|x64
		{F288A2E1-213F-37D1-9D0E-4B260563E493}.Release|x64.ActiveCfg = Release|x64
		{F288A2E1-213F-37D1-9D0E-4B260563E493}.Release|x64.Build.0 = Release|x64
		{F288A2E1-213F-37D1-9D0E-4B260563E493}.MinSizeRel|x64.ActiveCfg = MinSizeRel|x64
		{F288A2E1-213F-37D1-9D0E-4B260563E493}.MinSizeRel|x64.Build.0 = MinSizeRel|x64
		{F288A2E1-213F-37D1-9D0E-4B260563E493}.RelWithDebInfo|x64.ActiveCfg = RelWithDebInfo|x64
		{F288A2E1-213F-37D1-9D0E-4B260563E493}.RelWithDebInfo|x64.Build.0 = RelWithDebInfo|x64
		{3C746FA9-0521-3E5E-B81B-F95B418D24C9}.Debug|x64.ActiveCfg = Debug|x64
		{3C746FA9-0521-3E5E-B81B-F95B418D24C9}.Debug|x64.Build.0 = Debug|x64
		{3C746FA9-0521-3E5E-B81B-F95B418D24C9}.Release|x64.ActiveCfg = Release|x64
		{3C746FA9-0521-3E5E-B81B-F95B418D24C9}.Release|x64.Build.0 = Release|x64
		{3C746FA9-0521-3E5E-B81B-F95B418D24C9}.MinSizeRel|x64.ActiveCfg = MinSizeRel|x64
		{3C746FA9-0521-3E5E-B81B-F95B418D24C9}.MinSizeRel|x64.Build.0 = MinSizeRel|x64
		{3C746FA9-0521-3E5E-B81B-F95B418D24C9}.RelWithDebInfo|x64.ActiveCfg = RelWithDebInfo|x64
		{3C746FA9-0521-3E5E-B81B-F95B418D24C9}.RelWithDebInfo|x64.Build.0 = RelWithDebInfo|x64
		{B54EB331-706C-3938-BCCA-097BA5444C78}.Debug|x64.ActiveCfg = Debug|x64
		{B54EB331-706C-3938-BCCA-097BA5444C78}.Debug|x64.Build.0 = Debug|x64
		{B54EB331-706C-3938-BCCA-097BA5444C78}.Release|x64.ActiveCfg = Release|x64
		{B54EB331-706C-3938-BCCA-097BA5444C78}.Release|x64.Build.0 = Release|x64
		{B54EB331-706C-3938-BCCA-097BA5444C78}.MinSizeRel|x64.ActiveCfg = MinSizeRel|x64
		{B54EB331-706C-3938-BCCA-097BA5444C78}.MinSizeRel|x64.Build.0 = MinSizeRel|x64
		{B54EB331-706C-3938-BCCA-097BA5444C78}.RelWithDebInfo|x64.ActiveCfg = RelWithDebInfo|x64
		{B54EB331-706C-3938-BCCA-097BA5444C78}.RelWithDebInfo|x64.Build.0 = RelWithDebInfo|x64
		{AE1D0DD0-5F32-33C0-BE4F-E60AD301535A}.Debug|x64.ActiveCfg = Debug|x64
		{AE1D0DD0-5F32-33C0-BE4F-E60AD301535A}.Debug|x64.Build.0 = Debug|x64
		{AE1D0DD0-5F32-33C0-BE4F-E60AD301535A}.Release|x64.ActiveCfg = Release|x64
		{AE1D0DD0-5F32-33C0-BE4F-E60AD301535A}.Release|x64.Build.0 = Release|x64
		{AE1D0DD0-5F32-33C0-BE4F-E60AD301535A}.MinSizeRel|x64.ActiveCfg = MinSizeRel|x64
		{AE1D0DD0-5F32-33C0-BE4F-E60AD301535A}.MinSizeRel|x64.Build.0 = MinSizeRel|x64
		{AE1D0DD0-5F32-33C0-BE4F-E60AD301535A}.RelWithDebInfo|x64.ActiveCfg = RelWithDebInfo|x64
		{AE1D0DD0-5F32-33C0-BE4F-E60AD301535A}.RelWithDebInfo|x64.Build.0 = RelWithDebInfo|x64
		{A2107095-7085-3A21-B028-69CFE2CF56DC}.Debug|x64.ActiveCfg = Debug|x64
		{A2107095-7085-3A21-B028-69CFE2CF56DC}.Debug|x64.Build.0 = Debug|x64
		{A2107095-7085-3A21-B028-69CFE2CF56DC}.Release|x64.ActiveCfg = Release|x64
		{A2107095-7085-3A21-B028-69CFE2CF56DC}.Release|x64.Build.0 = Release|x64
		{A2107095-7085-3A21-B028-69CFE2CF56DC}.MinSizeRel|x64.ActiveCfg = MinSizeRel|x64
		{A2107095-7085-3A21-B028-69CFE2CF56DC}.MinSizeRel|x64.Build.0 = MinSizeRel|x64
		{A2107095-7085-3A21-B028-69CFE2CF56DC}.RelWithDebInfo|x64.ActiveCfg = RelWithDebInfo|x64
		{A2107095-7085-3A21-B028-69CFE2CF56DC}.RelWithDebInfo|x64.Build.0 = RelWithDebInfo|x64
		{7ECE009D-E4D9-3CB8-8FDB-7D30352E9197}.Debug|x64.ActiveCfg = Debug|x64
		{7ECE009D-E4D9-3CB8-8FDB-7D30352E9197}.Debug|x64.Build.0 = Debug|x64
		{7ECE009D-E4D9-3CB8-8FDB-7D30352E9197}.Release|x64.ActiveCfg = Release|x64
		{7ECE009D-E4D9-3CB8-8FDB-7D30352E9197}.Release|x64.Build.0 = Release|x64
		{7ECE009D-E4D9-3CB8-8FDB-7D30352E9197}.MinSizeRel|x64.ActiveCfg = MinSizeRel|x64
		{7ECE009D-E4D9-3CB8-8FDB-7D30352E9197}.MinSizeRel|x64.Build.0 = MinSizeRel|x64
		{7ECE009D-E4D9-3CB8-8FDB-7D30352E9197}.RelWithDebInfo|x64.ActiveCfg = RelWithDebInfo|x64
		{7ECE009D-E4D9-3CB8-8FDB-7D30352E9197}.RelWithDebInfo|x64.Build.0 = RelWithDebInfo|x64
		{048BE478-5C10-3643-A581-844F8D5F2370}.Debug|x64.ActiveCfg = Debug|x64
		{048BE478-5C10-3643-A581-844F8D5F2370}.Debug|x64.Build.0 = Debug|x64
		{048BE478-5C10-3643-A581-844F8D5F2370}.Release|x64.ActiveCfg = Release|x64
		{048BE478-5C10-3643-A581-844F8D5F2370}.Release|x64.Build.0 = Release|x64
		{048BE478-5C10-3643-A581-844F8D5F2370}.MinSizeRel|x64.ActiveCfg = MinSizeRel|x64
		{048BE478-5C10-3643-A581-844F8D5F2370}.MinSizeRel|x64.Build.0 = MinSizeRel|x64
		{048BE478-5C10-3643-A581-844F8D5F2370}.RelWithDebInfo|x64.ActiveCfg = RelWithDebInfo|x64
		{048BE478-5C10-3643-A581-844F8D5F2370}.RelWithDebInfo|x64.Build.0 = RelWithDebInfo|x64
		{0F1E7665-1DC3-3206-9897-D0A50B02B924}.Debug|x64.ActiveCfg = Debug|x64
		{0F1E7665-1DC3-3206-9897-D0A50B02B924}.Debug|x64.Build.0 = Debug|x64
		{0F1E7665-1DC3-3206-9897-D0A50B02B924}.Release|x64.ActiveCfg = Release|x64
		{0F1E7665-1DC3-3206-9897-D0A50B02B924}.Release|x64.Build.0 = Release|x64
		{0F1E7665-1DC3-3206-9897-D0A50B02B924}.MinSizeRel|x64.ActiveCfg = MinSizeRel|x64
		{0F1E7665-1DC3-3206-9897-D0A50B02B924}.MinSizeRel|x64.Build.0 = MinSizeRel|x64
		{0F1E7665-1DC3-3206-9897-D0A50B02B924}.RelWithDebInfo|x64.ActiveCfg = RelWithDebInfo|x64
		{0F1E7665-1DC3-3206-9897-D0A50B02B924}.RelWithDebInfo|x64.Build.0 = RelWithDebInfo|x64
		{4D0984B7-C1C4-34E0-86D4-CDD468540C29}.Debug|x64.ActiveCfg = Debug|x64
		{4D0984B7-C1C4-34E0-86D4-CDD468540C29}.Debug|x64.Build.0 = Debug|x64
		{4D0984B7-C1C4-34E0-86D4-CDD468540C29}.Release|x64.ActiveCfg = Release|x64
		{4D0984B7-C1C4-34E0-86D4-CDD468540C29}.Release|x64.Build.0 = Release|x64
		{4D0984B7-C1C4-34E0-86D4-CDD468540C29}.MinSizeRel|x64.ActiveCfg = MinSizeRel|x64
		{4D0984B7-C1C4-34E0-86D4-CDD468540C29}.MinSizeRel|x64.Build.0 = MinSizeRel|x64
		{4D0984B7-C1C4-34E0-86D4-CDD468540C29}.RelWithDebInfo|x64.ActiveCfg = RelWithDebInfo|x64
		{4D0984B7-C1C4-34E0-86D4-CDD468540C29}.RelWithDebInfo|x64.Build.0 = RelWithDebInfo|x64
		{BC8E03B5-5A08-360F-9B2B-8BDFFC1A3B19}.Debug|x64.ActiveCfg = Debug|x64
		{BC8E03B5-5A08-360F-9B2B-8BDFFC1A3B19}.Debug|x64.Build.0 = Debug|x64
		{BC8E03B5-5A08-360F-9B2B-8BDFFC1A3B19}.Release|x64.ActiveCfg = Release|x64
		{BC8E03B5-5A08-360F-9B2B-8BDFFC1A3B19}.Release|x64.Build.0 = Release|x64
		{BC8E03B5-5A08-360F-9B2B-8BDFFC1A3B19}.MinSizeRel|x64.ActiveCfg = MinSizeRel|x64
		{BC8E03B5-5A08-360F-9B2B-8BDFFC1A3B19}.MinSizeRel|x64.Build.0 = MinSizeRel|x64
		{BC8E03B5-5A08-360F-9B2B-8BDFFC1A3B19}.RelWithDebInfo|x64.ActiveCfg = RelWithDebInfo|x64
		{BC8E03B5-5A08-360F-9B2B-8BDFFC1A3B19}.RelWithDebInfo|x64.Build.0 = RelWithDebInfo|x64
		{B03686F8-8B7B-3595-B7FF-C1D45C789B4A}.Debug|x64.ActiveCfg = Debug|x64
		{B03686F8-8B7B-3595-B7FF-C1D45C789B4A}.Debug|x64.Build.0 = Debug|x64
		{B03686F8-8B7B-3595-B7FF-C1D45C789B4A}.Release|x64.ActiveCfg = Release|x64
		{B03686F8-8B7B-3595-B7FF-C1D45C789B4A}.Release|x64.Build.0 = Release|x64
		{B03686F8-8B7B-3595-B7FF-C1D45C789B4A}.MinSizeRel|x64.ActiveCfg = MinSizeRel|x64
		{B03686F8-8B7B-3595-B7FF-C1D45C789B4A}.MinSizeRel|x64.Build.0 = MinSizeRel|x64
		{B03686F8-8B7B-3595-B7FF-C1D45C789B4A}.RelWithDebInfo|x64.ActiveCfg = RelWithDebInfo|x64
		{B03686F8-8B7B-3595-B7FF-C1D45C789B4A}.RelWithDebInfo|x64.Build.0 = RelWithDebInfo|x64
		{09AEFF7D-2303-3CF4-83E9-DD302F5F7AB3}.Debug|x64.ActiveCfg = Debug|x64
		{09AEFF7D-2303-3CF4-83E9-DD302F5F7AB3}.Debug|x64.Build.0 = Debug|x64
		{09AEFF7D-2303-3CF4-83E9-DD302F5F7AB3}.Release|x64.ActiveCfg = Release|x64
		{09AEFF7D-2303-3CF4-83E9-DD302F5F7AB3}.Release|x64.Build.0 = Release|x64
		{09AEFF7D-2303-3CF4-83E9-DD302F5F7AB3}.MinSizeRel|x64.ActiveCfg = MinSizeRel|x64
		{09AEFF7D-2303-3CF4-83E9-DD302F5F7AB3}.MinSizeRel|x64.Build.0 = MinSizeRel|x64
		{09AEFF7D-2303-3CF4-83E9-DD302F5F7AB3}.RelWithDebInfo|x64.ActiveCfg = RelWithDebInfo|x64
		{09AEFF7D-2303-3CF4-83E9-DD302F5F7AB3}.RelWithDebInfo|x64.Build.0 = RelWithDebInfo|x64
		{D49D9CAF-28D9-340A-8FE6-C16963EBCC1E}.Debug|x64.ActiveCfg = Debug|x64
		{D49D9CAF-28D9-340A-8FE6-C16963EBCC1E}.Debug|x64.Build.0 = Debug|x64
		{D49D9CAF-28D9-340A-8FE6-C16963EBCC1E}.Release|x64.ActiveCfg = Release|x64
		{D49D9CAF-28D9-340A-8FE6-C16963EBCC1E}.Release|x64.Build.0 = Release|x64
		{D49D9CAF-28D9-340A-8FE6-C16963EBCC1E}.MinSizeRel|x64.ActiveCfg = MinSizeRel|x64
		{D49D9CAF-28D9-340A-8FE6-C16963EBCC1E}.MinSizeRel|x64.Build.0 = MinSizeRel|x64
		{D49D9CAF-28D9-340A-8FE6-C16963EBCC1E}.RelWithDebInfo|x64.ActiveCfg = RelWithDebInfo|x64
		{D49D9CAF-28D9-340A-8FE6-C16963EBCC1E}.RelWithDebInfo|x64.Build.0 = RelWithDebInfo|x64
		{6A3A8B43-0DC3-36DB-A098-134CF8D849BC}.Debug|x64.ActiveCfg = Debug|x64
		{6A3A8B43-0DC3-36DB-A098-134CF8D849BC}.Debug|x64.Build.0 = Debug|x64
		{6A3A8B43-0DC3-36DB-A098-134CF8D849BC}.Release|x64.ActiveCfg = Release|x64
		{6A3A8B43-0DC3-36DB-A098-134CF8D849BC}.Release|x64.Build.0 = Release|x64
		{6A3A8B43-0DC3-36DB-A098-134CF8D849BC}.MinSizeRel|x64.ActiveCfg = MinSizeRel|x64
		{6A3A8B43-0DC3-36DB-A098-134CF8D849BC}.MinSizeRel|x64.Build.0 = MinSizeRel|x64
		{6A3A8B43-0DC3-36DB-A098-134CF8D849BC}.RelWithDebInfo|x64.ActiveCfg = RelWithDebInfo|x64
		{6A3A8B43-0DC3-36DB-A098-134CF8D849BC}.RelWithDebInfo|x64.Build.0 = RelWithDebInfo|x64
		{4F8F7404-5EBF-37FD-864F-B2D886FAA7BE}.Debug|x64.ActiveCfg = Debug|x64
		{4F8F7404-5EBF-37FD-864F-B2D886FAA7BE}.Debug|x64.Build.0 = Debug|x64
		{4F8F7404-5EBF-37FD-864F-B2D886FAA7BE}.Release|x64.ActiveCfg = Release|x64
		{4F8F7404-5EBF-37FD-864F-B2D886FAA7BE}.Release|x64.Build.0 = Release|x64
		{4F8F7404-5EBF-37FD-864F-B2D886FAA7BE}.MinSizeRel|x64.ActiveCfg = MinSizeRel|x64
		{4F8F7404-5EBF-37FD-864F-B2D886FAA7BE}.MinSizeRel|x64.Build.0 = MinSizeRel|x64
		{4F8F7404-5EBF-37FD-864F-B2D886FAA7BE}.RelWithDebInfo|x64.ActiveCfg = RelWithDebInfo|x64
		{4F8F7404-5EBF-37FD-864F-B2D886FAA7BE}.RelWithDebInfo|x64.Build.0 = RelWithDebInfo|x64
		{0A61156D-2009-3F25-8D5E-A9027A6166F1}.Debug|x64.ActiveCfg = Debug|x64
		{0A61156D-2009-3F25-8D5E-A9027A6166F1}.Debug|x64.Build.0 = Debug|x64
		{0A61156D-2009-3F25-8D5E-A9027A6166F1}.Release|x64.ActiveCfg = Release|x64
		{0A61156D-2009-3F25-8D5E-A9027A6166F1}.Release|x64.Build.0 = Release|x64
		{0A61156D-2009-3F25-8D5E-A9027A6166F1}.MinSizeRel|x64.ActiveCfg = MinSizeRel|x64
		{0A61156D-2009-3F25-8D5E-A9027A6166F1}.MinSizeRel|x64.Build.0 = MinSizeRel|x64
		{0A61156D-2009-3F25-8D5E-A9027A6166F1}.RelWithDebInfo|x64.ActiveCfg = RelWithDebInfo|x64
		{0A61156D-2009-3F25-8D5E-A9027A6166F1}.RelWithDebInfo|x64.Build.0 = RelWithDebInfo|x64
		{0543BC7F-3715-37FE-95AB-028C80FD3293}.Debug|x64.ActiveCfg = Debug|x64
		{0543BC7F-3715-37FE-95AB-028C80FD3293}.Debug|x64.Build.0 = Debug|x64
		{0543BC7F-3715-37FE-95AB-028C80FD3293}.Release|x64.ActiveCfg = Release|x64
		{0543BC7F-3715-37FE-95AB-028C80FD3293}.Release|x64.Build.0 = Release|x64
		{0543BC7F-3715-37FE-95AB-028C80FD3293}.MinSizeRel|x64.ActiveCfg = MinSizeRel|x64
		{0543BC7F-3715-37FE-95AB-028C80FD3293}.MinSizeRel|x64.Build.0 = MinSizeRel|x64
		{0543BC7F-3715-37FE-95AB-028C80FD3293}.RelWithDebInfo|x64.ActiveCfg = RelWithDebInfo|x64
		{0543BC7F-3715-37FE-95AB-028C80FD3293}.RelWithDebInfo|x64.Build.0 = RelWithDebInfo|x64
		{4C543792-6740-3E54-97E7-E377F18998E9}.Debug|x64.ActiveCfg = Debug|x64
		{4C543792-6740-3E54-97E7-E377F18998E9}.Debug|x64.Build.0 = Debug|x64
		{4C543792-6740-3E54-97E7-E377F18998E9}.Release|x64.ActiveCfg = Release|x64
		{4C543792-6740-3E54-97E7-E377F18998E9}.Release|x64.Build.0 = Release|x64
		{4C543792-6740-3E54-97E7-E377F18998E9}.MinSizeRel|x64.ActiveCfg = MinSizeRel|x64
		{4C543792-6740-3E54-97E7-E377F18998E9}.MinSizeRel|x64.Build.0 = MinSizeRel|x64
		{4C543792-6740-3E54-97E7-E377F18998E9}.RelWithDebInfo|x64.ActiveCfg = RelWithDebInfo|x64
		{4C543792-6740-3E54-97E7-E377F18998E9}.RelWithDebInfo|x64.Build.0 = RelWithDebInfo|x64
		{5839CEAA-8461-35C9-88C4-8E0044ABB539}.Debug|x64.ActiveCfg = Debug|x64
		{5839CEAA-8461-35C9-88C4-8E0044ABB539}.Debug|x64.Build.0 = Debug|x64
		{5839CEAA-8461-35C9-88C4-8E0044ABB539}.Release|x64.ActiveCfg = Release|x64
		{5839CEAA-8461-35C9-88C4-8E0044ABB539}.Release|x64.Build.0 = Release|x64
		{5839CEAA-8461-35C9-88C4-8E0044ABB539}.MinSizeRel|x64.ActiveCfg = MinSizeRel|x64
		{5839CEAA-8461-35C9-88C4-8E0044ABB539}.MinSizeRel|x64.Build.0 = MinSizeRel|x64
		{5839CEAA-8461-35C9-88C4-8E0044ABB539}.RelWithDebInfo|x64.ActiveCfg = RelWithDebInfo|x64
		{5839CEAA-8461-35C9-88C4-8E0044ABB539}.RelWithDebInfo|x64.Build.0 = RelWithDebInfo|x64
		{8EFD56B8-082F-3B1E-B396-88CA791A14E7}.Debug|x64.ActiveCfg = Debug|x64
		{8EFD56B8-082F-3B1E-B396-88CA791A14E7}.Debug|x64.Build.0 = Debug|x64
		{8EFD56B8-082F-3B1E-B396-88CA791A14E7}.Release|x64.ActiveCfg = Release|x64
		{8EFD56B8-082F-3B1E-B396-88CA791A14E7}.Release|x64.Build.0 = Release|x64
		{8EFD56B8-082F-3B1E-B396-88CA791A14E7}.MinSizeRel|x64.ActiveCfg = MinSizeRel|x64
		{8EFD56B8-082F-3B1E-B396-88CA791A14E7}.MinSizeRel|x64.Build.0 = MinSizeRel|x64
		{8EFD56B8-082F-3B1E-B396-88CA791A14E7}.RelWithDebInfo|x64.ActiveCfg = RelWithDebInfo|x64
		{8EFD56B8-082F-3B1E-B396-88CA791A14E7}.RelWithDebInfo|x64.Build.0 = RelWithDebInfo|x64
		{4B4C6546-372B-342B-B8C7-781F7C80763C}.Debug|x64.ActiveCfg = Debug|x64
		{4B4C6546-372B-342B-B8C7-781F7C80763C}.Debug|x64.Build.0 = Debug|x64
		{4B4C6546-372B-342B-B8C7-781F7C80763C}.Release|x64.ActiveCfg = Release|x64
		{4B4C6546-372B-342B-B8C7-781F7C80763C}.Release|x64.Build.0 = Release|x64
		{4B4C6546-372B-342B-B8C7-781F7C80763C}.MinSizeRel|x64.ActiveCfg = MinSizeRel|x64
		{4B4C6546-372B-342B-B8C7-781F7C80763C}.MinSizeRel|x64.Build.0 = MinSizeRel|x64
		{4B4C6546-372B-342B-B8C7-781F7C80763C}.RelWithDebInfo|x64.ActiveCfg = RelWithDebInfo|x64
		{4B4C6546-372B-342B-B8C7-781F7C80763C}.RelWithDebInfo|x64.Build.0 = RelWithDebInfo|x64
		{0CB6FDC1-4E99-343C-9AFC-B4295FBF7286}.Debug|x64.ActiveCfg = Debug|x64
		{0CB6FDC1-4E99-343C-9AFC-B4295FBF7286}.Debug|x64.Build.0 = Debug|x64
		{0CB6FDC1-4E99-343C-9AFC-B4295FBF7286}.Release|x64.ActiveCfg = Release|x64
		{0CB6FDC1-4E99-343C-9AFC-B4295FBF7286}.Release|x64.Build.0 = Release|x64
		{0CB6FDC1-4E99-343C-9AFC-B4295FBF7286}.MinSizeRel|x64.ActiveCfg = MinSizeRel|x64
		{0CB6FDC1-4E99-343C-9AFC-B4295FBF7286}.MinSizeRel|x64.Build.0 = MinSizeRel|x64
		{0CB6FDC1-4E99-343C-9AFC-B4295FBF7286}.RelWithDebInfo|x64.ActiveCfg = RelWithDebInfo|x64
		{0CB6FDC1-4E99-343C-9AFC-B4295FBF7286}.RelWithDebInfo|x64.Build.0 = RelWithDebInfo|x64
	EndGlobalSection
	GlobalSection(NestedProjects) = preSolution
		{361CC55A-25E5-38F7-9801-470AA3D3810D} = {9DE66D3A-E500-3672-86A4-538D7D14FE71}
		{EBB011E1-D606-3CBB-9CEA-A59863471ABA} = {9DE66D3A-E500-3672-86A4-538D7D14FE71}
		{AF46AD19-6724-3532-B2FE-489CE19E1CFD} = {9DE66D3A-E500-3672-86A4-538D7D14FE71}
		{A2D824F6-59F1-311F-B6BB-D17AFA9161FE} = {786FE469-3C2E-3245-B7C2-8D4998CC091F}
		{99ABC910-324C-338C-8479-FDB1F4C2C84F} = {41C2CC53-7E28-30AA-8A92-CAFCE7921843}
		{9DE840A5-90C2-3EAB-AA85-72F46E89C3C1} = {41C2CC53-7E28-30AA-8A92-CAFCE7921843}
		{F288A2E1-213F-37D1-9D0E-4B260563E493} = {41C2CC53-7E28-30AA-8A92-CAFCE7921843}
		{3C746FA9-0521-3E5E-B81B-F95B418D24C9} = {41C2CC53-7E28-30AA-8A92-CAFCE7921843}
		{B54EB331-706C-3938-BCCA-097BA5444C78} = {41C2CC53-7E28-30AA-8A92-CAFCE7921843}
		{AE1D0DD0-5F32-33C0-BE4F-E60AD301535A} = {41C2CC53-7E28-30AA-8A92-CAFCE7921843}
		{A2107095-7085-3A21-B028-69CFE2CF56DC} = {41C2CC53-7E28-30AA-8A92-CAFCE7921843}
		{7ECE009D-E4D9-3CB8-8FDB-7D30352E9197} = {41C2CC53-7E28-30AA-8A92-CAFCE7921843}
		{048BE478-5C10-3643-A581-844F8D5F2370} = {41C2CC53-7E28-30AA-8A92-CAFCE7921843}
		{0F1E7665-1DC3-3206-9897-D0A50B02B924} = {41C2CC53-7E28-30AA-8A92-CAFCE7921843}
		{4D0984B7-C1C4-34E0-86D4-CDD468540C29} = {41C2CC53-7E28-30AA-8A92-CAFCE7921843}
		{BC8E03B5-5A08-360F-9B2B-8BDFFC1A3B19} = {41C2CC53-7E28-30AA-8A92-CAFCE7921843}
		{B03686F8-8B7B-3595-B7FF-C1D45C789B4A} = {41C2CC53-7E28-30AA-8A92-CAFCE7921843}
		{09AEFF7D-2303-3CF4-83E9-DD302F5F7AB3} = {41C2CC53-7E28-30AA-8A92-CAFCE7921843}
		{D49D9CAF-28D9-340A-8FE6-C16963EBCC1E} = {41C2CC53-7E28-30AA-8A92-CAFCE7921843}
		{6A3A8B43-0DC3-36DB-A098-134CF8D849BC} = {41C2CC53-7E28-30AA-8A92-CAFCE7921843}
		{4F8F7404-5EBF-37FD-864F-B2D886FAA7BE} = {41C2CC53-7E28-30AA-8A92-CAFCE7921843}
		{0A61156D-2009-3F25-8D5E-A9027A6166F1} = {41C2CC53-7E28-30AA-8A92-CAFCE7921843}
		{0543BC7F-3715-37FE-95AB-028C80FD3293} = {41C2CC53-7E28-30AA-8A92-CAFCE7921843}
		{4C543792-6740-3E54-97E7-E377F18998E9} = {41C2CC53-7E28-30AA-8A92-CAFCE7921843}
		{5839CEAA-8461-35C9-88C4-8E0044ABB539} = {41C2CC53-7E28-30AA-8A92-CAFCE7921843}
		{8EFD56B8-082F-3B1E-B396-88CA791A14E7} = {41C2CC53-7E28-30AA-8A92-CAFCE7921843}
		{4B4C6546-372B-342B-B8C7-781F7C80763C} = {41C2CC53-7E28-30AA-8A92-CAFCE7921843}
		{0CB6FDC1-4E99-343C-9AFC-B4295FBF7286} = {41C2CC53-7E28-30AA-8A92-CAFCE7921843}
	EndGlobalSection
	GlobalSection(ExtensibilityGlobals) = postSolution
		SolutionGuid = {C29EA064-7CF6-3436-A47F-90A966047406}
	EndGlobalSection
	GlobalSection(ExtensibilityAddIns) = postSolution
	EndGlobalSection
EndGlobal
