
Microsoft Visual Studio Solution File, Format Version 12.00
# Visual Studio Version 16
Project("{2150E333-8FDC-42A3-9474-1A3956D46DE8}") = "CMake Targets", "CMake Targets", "{9DE66D3A-E500-3672-86A4-538D7D14FE71}"
EndProject
Project("{2150E333-8FDC-42A3-9474-1A3956D46DE8}") = "Core", "Core", "{786FE469-3C2E-3245-B7C2-8D4998CC091F}"
EndProject
Project("{2150E333-8FDC-42A3-9474-1A3956D46DE8}") = "Tests", "Tests", "{349395B2-9ACB-3EF9-B144-625F9BC34850}"
EndProject
Project("{8BC9CEB8-8B4A-11D0-8D11-00A0C91BC942}") = "ALL_BUILD", "ALL_BUILD.vcxproj", "{361CC55A-25E5-38F7-9801-470AA3D3810D}"
	ProjectSection(ProjectDependencies) = postProject
		{AF46AD19-6724-3532-B2FE-489CE19E1CFD} = {AF46AD19-6724-3532-B2FE-489CE19E1CFD}
		{FCAD1C04-44B5-3431-B01B-B7D2F5D5DDA5} = {FCAD1C04-44B5-3431-B01B-B7D2F5D5DDA5}
	EndProjectSection
EndProject
Project("{8BC9CEB8-8B4A-11D0-8D11-00A0C91BC942}") = "INSTALL", "INSTALL.vcxproj", "{EBB011E1-D606-3CBB-9CEA-A59863471ABA}"
	ProjectSection(ProjectDependencies) = postProject
		{361CC55A-25E5-38F7-9801-470AA3D3810D} = {361CC55A-25E5-38F7-9801-470AA3D3810D}
		{AF46AD19-6724-3532-B2FE-489CE19E1CFD} = {AF46AD19-6724-3532-B2FE-489CE19E1CFD}
	EndProjectSection
EndProject
Project("{8BC9CEB8-8B4A-11D0-8D11-00A0C91BC942}") = "ZERO_CHECK", "..\..\\ZERO_CHECK.vcxproj", "{AF46AD19-6724-3532-B2FE-489CE19E1CFD}"
	ProjectSection(ProjectDependencies) = postProject
	EndProjectSection
EndProject
Project("{8BC9CEB8-8B4A-11D0-8D11-00A0C91BC942}") = "osgEarth", "..\osgEarth\osgEarth.vcxproj", "{A2D824F6-59F1-311F-B6BB-D17AFA9161FE}"
	ProjectSection(ProjectDependencies) = postProject
		{AF46AD19-6724-3532-B2FE-489CE19E1CFD} = {AF46AD19-6724-3532-B2FE-489CE19E1CFD}
	EndProjectSection
EndProject
Project("{8BC9CEB8-8B4A-11D0-8D11-00A0C91BC942}") = "test_osgEarth_tests", "osgEarth_tests\test_osgEarth_tests.vcxproj", "{FCAD1C04-44B5-3431-B01B-B7D2F5D5DDA5}"
	ProjectSection(ProjectDependencies) = postProject
		{AF46AD19-6724-3532-B2FE-489CE19E1CFD} = {AF46AD19-6724-3532-B2FE-489CE19E1CFD}
		{A2D824F6-59F1-311F-B6BB-D17AFA9161FE} = {A2D824F6-59F1-311F-B6BB-D17AFA9161FE}
	EndProjectSection
EndProject
Global
	GlobalSection(SolutionConfigurationPlatforms) = preSolution
		Debug|x64 = Debug|x64
		Release|x64 = Release|x64
		MinSizeRel|x64 = MinSizeRel|x64
		RelWithDebInfo|x64 = RelWithDebInfo|x64
	EndGlobalSection
	GlobalSection(ProjectConfigurationPlatforms) = postSolution
		{361CC55A-25E5-38F7-9801-470AA3D3810D}.Debug|x64.ActiveCfg = Debug|x64
		{361CC55A-25E5-38F7-9801-470AA3D3810D}.Debug|x64.Build.0 = Debug|x64
		{361CC55A-25E5-38F7-9801-470AA3D3810D}.Release|x64.ActiveCfg = Release|x64
		{361CC55A-25E5-38F7-9801-470AA3D3810D}.Release|x64.Build.0 = Release|x64
		{361CC55A-25E5-38F7-9801-470AA3D3810D}.MinSizeRel|x64.ActiveCfg = MinSizeRel|x64
		{361CC55A-25E5-38F7-9801-470AA3D3810D}.MinSizeRel|x64.Build.0 = MinSizeRel|x64
		{361CC55A-25E5-38F7-9801-470AA3D3810D}.RelWithDebInfo|x64.ActiveCfg = RelWithDebInfo|x64
		{361CC55A-25E5-38F7-9801-470AA3D3810D}.RelWithDebInfo|x64.Build.0 = RelWithDebInfo|x64
		{EBB011E1-D606-3CBB-9CEA-A59863471ABA}.Debug|x64.ActiveCfg = Debug|x64
		{EBB011E1-D606-3CBB-9CEA-A59863471ABA}.Release|x64.ActiveCfg = Release|x64
		{EBB011E1-D606-3CBB-9CEA-A59863471ABA}.MinSizeRel|x64.ActiveCfg = MinSizeRel|x64
		{EBB011E1-D606-3CBB-9CEA-A59863471ABA}.RelWithDebInfo|x64.ActiveCfg = RelWithDebInfo|x64
		{AF46AD19-6724-3532-B2FE-489CE19E1CFD}.Debug|x64.ActiveCfg = Debug|x64
		{AF46AD19-6724-3532-B2FE-489CE19E1CFD}.Debug|x64.Build.0 = Debug|x64
		{AF46AD19-6724-3532-B2FE-489CE19E1CFD}.Release|x64.ActiveCfg = Release|x64
		{AF46AD19-6724-3532-B2FE-489CE19E1CFD}.Release|x64.Build.0 = Release|x64
		{AF46AD19-6724-3532-B2FE-489CE19E1CFD}.MinSizeRel|x64.ActiveCfg = MinSizeRel|x64
		{AF46AD19-6724-3532-B2FE-489CE19E1CFD}.MinSizeRel|x64.Build.0 = MinSizeRel|x64
		{AF46AD19-6724-3532-B2FE-489CE19E1CFD}.RelWithDebInfo|x64.ActiveCfg = RelWithDebInfo|x64
		{AF46AD19-6724-3532-B2FE-489CE19E1CFD}.RelWithDebInfo|x64.Build.0 = RelWithDebInfo|x64
		{A2D824F6-59F1-311F-B6BB-D17AFA9161FE}.Debug|x64.ActiveCfg = Debug|x64
		{A2D824F6-59F1-311F-B6BB-D17AFA9161FE}.Debug|x64.Build.0 = Debug|x64
		{A2D824F6-59F1-311F-B6BB-D17AFA9161FE}.Release|x64.ActiveCfg = Release|x64
		{A2D824F6-59F1-311F-B6BB-D17AFA9161FE}.Release|x64.Build.0 = Release|x64
		{A2D824F6-59F1-311F-B6BB-D17AFA9161FE}.MinSizeRel|x64.ActiveCfg = MinSizeRel|x64
		{A2D824F6-59F1-311F-B6BB-D17AFA9161FE}.MinSizeRel|x64.Build.0 = MinSizeRel|x64
		{A2D824F6-59F1-311F-B6BB-D17AFA9161FE}.RelWithDebInfo|x64.ActiveCfg = RelWithDebInfo|x64
		{A2D824F6-59F1-311F-B6BB-D17AFA9161FE}.RelWithDebInfo|x64.Build.0 = RelWithDebInfo|x64
		{FCAD1C04-44B5-3431-B01B-B7D2F5D5DDA5}.Debug|x64.ActiveCfg = Debug|x64
		{FCAD1C04-44B5-3431-B01B-B7D2F5D5DDA5}.Debug|x64.Build.0 = Debug|x64
		{FCAD1C04-44B5-3431-B01B-B7D2F5D5DDA5}.Release|x64.ActiveCfg = Release|x64
		{FCAD1C04-44B5-3431-B01B-B7D2F5D5DDA5}.Release|x64.Build.0 = Release|x64
		{FCAD1C04-44B5-3431-B01B-B7D2F5D5DDA5}.MinSizeRel|x64.ActiveCfg = MinSizeRel|x64
		{FCAD1C04-44B5-3431-B01B-B7D2F5D5DDA5}.MinSizeRel|x64.Build.0 = MinSizeRel|x64
		{FCAD1C04-44B5-3431-B01B-B7D2F5D5DDA5}.RelWithDebInfo|x64.ActiveCfg = RelWithDebInfo|x64
		{FCAD1C04-44B5-3431-B01B-B7D2F5D5DDA5}.RelWithDebInfo|x64.Build.0 = RelWithDebInfo|x64
	EndGlobalSection
	GlobalSection(NestedProjects) = preSolution
		{361CC55A-25E5-38F7-9801-470AA3D3810D} = {9DE66D3A-E500-3672-86A4-538D7D14FE71}
		{EBB011E1-D606-3CBB-9CEA-A59863471ABA} = {9DE66D3A-E500-3672-86A4-538D7D14FE71}
		{AF46AD19-6724-3532-B2FE-489CE19E1CFD} = {9DE66D3A-E500-3672-86A4-538D7D14FE71}
		{A2D824F6-59F1-311F-B6BB-D17AFA9161FE} = {786FE469-3C2E-3245-B7C2-8D4998CC091F}
		{FCAD1C04-44B5-3431-B01B-B7D2F5D5DDA5} = {349395B2-9ACB-3EF9-B144-625F9BC34850}
	EndGlobalSection
	GlobalSection(ExtensibilityGlobals) = postSolution
		SolutionGuid = {E7234275-5F48-3C3D-9663-49A686D0E5C0}
	EndGlobalSection
	GlobalSection(ExtensibilityAddIns) = postSolution
	EndGlobalSection
EndGlobal
