
Microsoft Visual Studio Solution File, Format Version 12.00
# Visual Studio Version 16
Project("{2150E333-8FDC-42A3-9474-1A3956D46DE8}") = "CMake Targets", "CMake Targets", "{9DE66D3A-E500-3672-86A4-538D7D14FE71}"
EndProject
Project("{2150E333-8FDC-42A3-9474-1A3956D46DE8}") = "Core", "Core", "{786FE469-3C2E-3245-B7C2-8D4998CC091F}"
EndProject
Project("{2150E333-8FDC-42A3-9474-1A3956D46DE8}") = "Examples", "Examples", "{C74822B8-6A25-39B3-ADE6-51AE95437397}"
EndProject
Project("{2150E333-8FDC-42A3-9474-1A3956D46DE8}") = "NodeKits", "NodeKits", "{8D9B237C-608E-3C59-9EA6-2976C7073422}"
EndProject
Project("{2150E333-8FDC-42A3-9474-1A3956D46DE8}") = "Tools", "Tools", "{C132EE68-AFA4-3CCC-B836-59E987284E8C}"
EndProject
Project("{8BC9CEB8-8B4A-11D0-8D11-00A0C91BC942}") = "ALL_BUILD", "ALL_BUILD.vcxproj", "{361CC55A-25E5-38F7-9801-470AA3D3810D}"
	ProjectSection(ProjectDependencies) = postProject
		{AF46AD19-6724-3532-B2FE-489CE19E1CFD} = {AF46AD19-6724-3532-B2FE-489CE19E1CFD}
		{4E9FC4B2-B556-366F-AA23-89A9A8B2BBD5} = {4E9FC4B2-B556-366F-AA23-89A9A8B2BBD5}
		{817A025D-4E62-3AB3-AFF0-1991D5BB22E8} = {817A025D-4E62-3AB3-AFF0-1991D5BB22E8}
		{A9D6440C-DC4E-36B1-8863-69A465699CDA} = {A9D6440C-DC4E-36B1-8863-69A465699CDA}
		{E0B43F00-C977-3A58-9D20-83E1A3831FAB} = {E0B43F00-C977-3A58-9D20-83E1A3831FAB}
		{71EEAA97-A48A-301A-BC4B-BD665E9A5A53} = {71EEAA97-A48A-301A-BC4B-BD665E9A5A53}
		{3A8FB46A-32AC-3FC1-A328-EC455E9648BF} = {3A8FB46A-32AC-3FC1-A328-EC455E9648BF}
		{24893900-9CAC-3AEC-A8D1-5042F6624428} = {24893900-9CAC-3AEC-A8D1-5042F6624428}
		{23B6E3AA-56CB-3E97-96B2-4C8B3A8D56A4} = {23B6E3AA-56CB-3E97-96B2-4C8B3A8D56A4}
		{A8C3C6F9-5696-3662-94DE-B4C2441FE510} = {A8C3C6F9-5696-3662-94DE-B4C2441FE510}
		{7C0F4F7D-2F31-3AA8-8DD2-F0FB75096439} = {7C0F4F7D-2F31-3AA8-8DD2-F0FB75096439}
		{A0B254B8-0BF7-3DF4-98E1-1DC63FC81BB3} = {A0B254B8-0BF7-3DF4-98E1-1DC63FC81BB3}
		{602EAD9A-928E-3BB6-B61F-E9CE5E440E00} = {602EAD9A-928E-3BB6-B61F-E9CE5E440E00}
		{24BFFCD0-827B-3AB4-B616-569A544779FA} = {24BFFCD0-827B-3AB4-B616-569A544779FA}
		{70688DFE-5275-3D24-A4EF-7F7906BCAB66} = {70688DFE-5275-3D24-A4EF-7F7906BCAB66}
		{6C34FDAE-4F04-3A4A-828F-FCB4FFDF837B} = {6C34FDAE-4F04-3A4A-828F-FCB4FFDF837B}
		{0FB8974A-66F7-3BB7-B414-FBF66BFBA74C} = {0FB8974A-66F7-3BB7-B414-FBF66BFBA74C}
		{EB7B7105-CC7E-384C-A175-757D6D2E2E04} = {EB7B7105-CC7E-384C-A175-757D6D2E2E04}
		{32A84C5D-105C-3723-A9F2-9463BC3B77A5} = {32A84C5D-105C-3723-A9F2-9463BC3B77A5}
		{724C01ED-2CE8-3703-9915-433CDEA5B7FF} = {724C01ED-2CE8-3703-9915-433CDEA5B7FF}
		{8E722E86-272A-3FC8-9B37-AC2B1B49C5A4} = {8E722E86-272A-3FC8-9B37-AC2B1B49C5A4}
		{A9EBE437-EEFD-3932-838C-6F154FE7F376} = {A9EBE437-EEFD-3932-838C-6F154FE7F376}
		{F3BE201E-2A58-3CF4-8917-FFCF5A8041D1} = {F3BE201E-2A58-3CF4-8917-FFCF5A8041D1}
		{194B55E0-5711-3FEB-BFF3-6D8973B71B9B} = {194B55E0-5711-3FEB-BFF3-6D8973B71B9B}
		{23721C3D-B9AA-3D04-B508-62DB86E2C976} = {23721C3D-B9AA-3D04-B508-62DB86E2C976}
		{5DBCDC5A-30FF-3ECE-A545-28A7AD35EA06} = {5DBCDC5A-30FF-3ECE-A545-28A7AD35EA06}
		{1DFAD65D-FA0E-32F5-8807-959844F2AE8F} = {1DFAD65D-FA0E-32F5-8807-959844F2AE8F}
		{88E967EB-5656-378B-87B1-6F87FCB96A47} = {88E967EB-5656-378B-87B1-6F87FCB96A47}
		{F33958C6-0F7F-3B8F-B376-641E83EA6866} = {F33958C6-0F7F-3B8F-B376-641E83EA6866}
		{C21AA352-72AB-3D41-8771-38F6053BD445} = {C21AA352-72AB-3D41-8771-38F6053BD445}
		{EAFE2C78-ABCE-3674-9736-94248FB046A3} = {EAFE2C78-ABCE-3674-9736-94248FB046A3}
		{DACEC25F-6AAF-3E9C-A961-6097F955844A} = {DACEC25F-6AAF-3E9C-A961-6097F955844A}
		{4EF64B7F-AE66-3880-A536-13BD47B0CC6D} = {4EF64B7F-AE66-3880-A536-13BD47B0CC6D}
		{9511D2AA-352C-39A6-A859-34665E7C34C1} = {9511D2AA-352C-39A6-A859-34665E7C34C1}
		{388733A6-AD4A-34DB-AB13-2ABFC5AE235A} = {388733A6-AD4A-34DB-AB13-2ABFC5AE235A}
		{1581BAA8-2977-3E3E-8C31-1018CABF63C9} = {1581BAA8-2977-3E3E-8C31-1018CABF63C9}
		{8E4EF2EA-AEF8-3BBA-A867-4C361FE581B3} = {8E4EF2EA-AEF8-3BBA-A867-4C361FE581B3}
		{DDABE2D3-0242-30CE-98BC-9C920F2F2F80} = {DDABE2D3-0242-30CE-98BC-9C920F2F2F80}
		{8CD231C8-3668-391F-AD30-5DA66471B23F} = {8CD231C8-3668-391F-AD30-5DA66471B23F}
		{528F894D-578C-35C6-A320-CBA07C0FCB60} = {528F894D-578C-35C6-A320-CBA07C0FCB60}
		{C4D1EC43-D7E8-348D-BCAA-E92244D6C716} = {C4D1EC43-D7E8-348D-BCAA-E92244D6C716}
		{CEBF7820-7CB4-3C67-B6FC-E53B8E024622} = {CEBF7820-7CB4-3C67-B6FC-E53B8E024622}
	EndProjectSection
EndProject
Project("{8BC9CEB8-8B4A-11D0-8D11-00A0C91BC942}") = "INSTALL", "INSTALL.vcxproj", "{EBB011E1-D606-3CBB-9CEA-A59863471ABA}"
	ProjectSection(ProjectDependencies) = postProject
		{361CC55A-25E5-38F7-9801-470AA3D3810D} = {361CC55A-25E5-38F7-9801-470AA3D3810D}
		{AF46AD19-6724-3532-B2FE-489CE19E1CFD} = {AF46AD19-6724-3532-B2FE-489CE19E1CFD}
	EndProjectSection
EndProject
Project("{8BC9CEB8-8B4A-11D0-8D11-00A0C91BC942}") = "ZERO_CHECK", "..\..\\ZERO_CHECK.vcxproj", "{AF46AD19-6724-3532-B2FE-489CE19E1CFD}"
	ProjectSection(ProjectDependencies) = postProject
	EndProjectSection
EndProject
Project("{8BC9CEB8-8B4A-11D0-8D11-00A0C91BC942}") = "application_osgearth_3pv", "osgearth_3pv\application_osgearth_3pv.vcxproj", "{4E9FC4B2-B556-366F-AA23-89A9A8B2BBD5}"
	ProjectSection(ProjectDependencies) = postProject
		{AF46AD19-6724-3532-B2FE-489CE19E1CFD} = {AF46AD19-6724-3532-B2FE-489CE19E1CFD}
		{A2D824F6-59F1-311F-B6BB-D17AFA9161FE} = {A2D824F6-59F1-311F-B6BB-D17AFA9161FE}
	EndProjectSection
EndProject
Project("{8BC9CEB8-8B4A-11D0-8D11-00A0C91BC942}") = "application_osgearth_annotation", "osgearth_annotation\application_osgearth_annotation.vcxproj", "{817A025D-4E62-3AB3-AFF0-1991D5BB22E8}"
	ProjectSection(ProjectDependencies) = postProject
		{AF46AD19-6724-3532-B2FE-489CE19E1CFD} = {AF46AD19-6724-3532-B2FE-489CE19E1CFD}
		{A2D824F6-59F1-311F-B6BB-D17AFA9161FE} = {A2D824F6-59F1-311F-B6BB-D17AFA9161FE}
	EndProjectSection
EndProject
Project("{8BC9CEB8-8B4A-11D0-8D11-00A0C91BC942}") = "application_osgearth_atlas", "osgearth_atlas\application_osgearth_atlas.vcxproj", "{A9D6440C-DC4E-36B1-8863-69A465699CDA}"
	ProjectSection(ProjectDependencies) = postProject
		{AF46AD19-6724-3532-B2FE-489CE19E1CFD} = {AF46AD19-6724-3532-B2FE-489CE19E1CFD}
		{A2D824F6-59F1-311F-B6BB-D17AFA9161FE} = {A2D824F6-59F1-311F-B6BB-D17AFA9161FE}
	EndProjectSection
EndProject
Project("{8BC9CEB8-8B4A-11D0-8D11-00A0C91BC942}") = "application_osgearth_bakefeaturetiles", "osgearth_bakefeaturetiles\application_osgearth_bakefeaturetiles.vcxproj", "{E0B43F00-C977-3A58-9D20-83E1A3831FAB}"
	ProjectSection(ProjectDependencies) = postProject
		{AF46AD19-6724-3532-B2FE-489CE19E1CFD} = {AF46AD19-6724-3532-B2FE-489CE19E1CFD}
		{A2D824F6-59F1-311F-B6BB-D17AFA9161FE} = {A2D824F6-59F1-311F-B6BB-D17AFA9161FE}
	EndProjectSection
EndProject
Project("{8BC9CEB8-8B4A-11D0-8D11-00A0C91BC942}") = "application_osgearth_bindless", "osgearth_bindless\application_osgearth_bindless.vcxproj", "{71EEAA97-A48A-301A-BC4B-BD665E9A5A53}"
	ProjectSection(ProjectDependencies) = postProject
		{AF46AD19-6724-3532-B2FE-489CE19E1CFD} = {AF46AD19-6724-3532-B2FE-489CE19E1CFD}
		{A2D824F6-59F1-311F-B6BB-D17AFA9161FE} = {A2D824F6-59F1-311F-B6BB-D17AFA9161FE}
	EndProjectSection
EndProject
Project("{8BC9CEB8-8B4A-11D0-8D11-00A0C91BC942}") = "application_osgearth_boundarygen", "osgearth_boundarygen\application_osgearth_boundarygen.vcxproj", "{3A8FB46A-32AC-3FC1-A328-EC455E9648BF}"
	ProjectSection(ProjectDependencies) = postProject
		{AF46AD19-6724-3532-B2FE-489CE19E1CFD} = {AF46AD19-6724-3532-B2FE-489CE19E1CFD}
		{A2D824F6-59F1-311F-B6BB-D17AFA9161FE} = {A2D824F6-59F1-311F-B6BB-D17AFA9161FE}
	EndProjectSection
EndProject
Project("{8BC9CEB8-8B4A-11D0-8D11-00A0C91BC942}") = "application_osgearth_city", "osgearth_city\application_osgearth_city.vcxproj", "{24893900-9CAC-3AEC-A8D1-5042F6624428}"
	ProjectSection(ProjectDependencies) = postProject
		{AF46AD19-6724-3532-B2FE-489CE19E1CFD} = {AF46AD19-6724-3532-B2FE-489CE19E1CFD}
		{A2D824F6-59F1-311F-B6BB-D17AFA9161FE} = {A2D824F6-59F1-311F-B6BB-D17AFA9161FE}
	EndProjectSection
EndProject
Project("{8BC9CEB8-8B4A-11D0-8D11-00A0C91BC942}") = "application_osgearth_clamp", "osgearth_clamp\application_osgearth_clamp.vcxproj", "{23B6E3AA-56CB-3E97-96B2-4C8B3A8D56A4}"
	ProjectSection(ProjectDependencies) = postProject
		{AF46AD19-6724-3532-B2FE-489CE19E1CFD} = {AF46AD19-6724-3532-B2FE-489CE19E1CFD}
		{A2D824F6-59F1-311F-B6BB-D17AFA9161FE} = {A2D824F6-59F1-311F-B6BB-D17AFA9161FE}
	EndProjectSection
EndProject
Project("{8BC9CEB8-8B4A-11D0-8D11-00A0C91BC942}") = "application_osgearth_cluster", "osgearth_cluster\application_osgearth_cluster.vcxproj", "{A8C3C6F9-5696-3662-94DE-B4C2441FE510}"
	ProjectSection(ProjectDependencies) = postProject
		{AF46AD19-6724-3532-B2FE-489CE19E1CFD} = {AF46AD19-6724-3532-B2FE-489CE19E1CFD}
		{A2D824F6-59F1-311F-B6BB-D17AFA9161FE} = {A2D824F6-59F1-311F-B6BB-D17AFA9161FE}
	EndProjectSection
EndProject
Project("{8BC9CEB8-8B4A-11D0-8D11-00A0C91BC942}") = "application_osgearth_conv", "osgearth_conv\application_osgearth_conv.vcxproj", "{7C0F4F7D-2F31-3AA8-8DD2-F0FB75096439}"
	ProjectSection(ProjectDependencies) = postProject
		{AF46AD19-6724-3532-B2FE-489CE19E1CFD} = {AF46AD19-6724-3532-B2FE-489CE19E1CFD}
		{A2D824F6-59F1-311F-B6BB-D17AFA9161FE} = {A2D824F6-59F1-311F-B6BB-D17AFA9161FE}
	EndProjectSection
EndProject
Project("{8BC9CEB8-8B4A-11D0-8D11-00A0C91BC942}") = "application_osgearth_createtile", "osgearth_createtile\application_osgearth_createtile.vcxproj", "{A0B254B8-0BF7-3DF4-98E1-1DC63FC81BB3}"
	ProjectSection(ProjectDependencies) = postProject
		{AF46AD19-6724-3532-B2FE-489CE19E1CFD} = {AF46AD19-6724-3532-B2FE-489CE19E1CFD}
		{A2D824F6-59F1-311F-B6BB-D17AFA9161FE} = {A2D824F6-59F1-311F-B6BB-D17AFA9161FE}
	EndProjectSection
EndProject
Project("{8BC9CEB8-8B4A-11D0-8D11-00A0C91BC942}") = "application_osgearth_drawables", "osgearth_drawables\application_osgearth_drawables.vcxproj", "{602EAD9A-928E-3BB6-B61F-E9CE5E440E00}"
	ProjectSection(ProjectDependencies) = postProject
		{AF46AD19-6724-3532-B2FE-489CE19E1CFD} = {AF46AD19-6724-3532-B2FE-489CE19E1CFD}
		{A2D824F6-59F1-311F-B6BB-D17AFA9161FE} = {A2D824F6-59F1-311F-B6BB-D17AFA9161FE}
	EndProjectSection
EndProject
Project("{8BC9CEB8-8B4A-11D0-8D11-00A0C91BC942}") = "application_osgearth_eci", "osgearth_eci\application_osgearth_eci.vcxproj", "{24BFFCD0-827B-3AB4-B616-569A544779FA}"
	ProjectSection(ProjectDependencies) = postProject
		{AF46AD19-6724-3532-B2FE-489CE19E1CFD} = {AF46AD19-6724-3532-B2FE-489CE19E1CFD}
		{A2D824F6-59F1-311F-B6BB-D17AFA9161FE} = {A2D824F6-59F1-311F-B6BB-D17AFA9161FE}
	EndProjectSection
EndProject
Project("{8BC9CEB8-8B4A-11D0-8D11-00A0C91BC942}") = "application_osgearth_ephemeris", "osgearth_ephemeris\application_osgearth_ephemeris.vcxproj", "{70688DFE-5275-3D24-A4EF-7F7906BCAB66}"
	ProjectSection(ProjectDependencies) = postProject
		{AF46AD19-6724-3532-B2FE-489CE19E1CFD} = {AF46AD19-6724-3532-B2FE-489CE19E1CFD}
		{A2D824F6-59F1-311F-B6BB-D17AFA9161FE} = {A2D824F6-59F1-311F-B6BB-D17AFA9161FE}
	EndProjectSection
EndProject
Project("{8BC9CEB8-8B4A-11D0-8D11-00A0C91BC942}") = "application_osgearth_exportvegetation", "osgearth_exportvegetation\application_osgearth_exportvegetation.vcxproj", "{6C34FDAE-4F04-3A4A-828F-FCB4FFDF837B}"
	ProjectSection(ProjectDependencies) = postProject
		{AF46AD19-6724-3532-B2FE-489CE19E1CFD} = {AF46AD19-6724-3532-B2FE-489CE19E1CFD}
		{A2D824F6-59F1-311F-B6BB-D17AFA9161FE} = {A2D824F6-59F1-311F-B6BB-D17AFA9161FE}
		{238F5CA1-BB91-3738-B5CA-2B4272A92A10} = {238F5CA1-BB91-3738-B5CA-2B4272A92A10}
	EndProjectSection
EndProject
Project("{8BC9CEB8-8B4A-11D0-8D11-00A0C91BC942}") = "application_osgearth_featurefilter", "osgearth_featurefilter\application_osgearth_featurefilter.vcxproj", "{0FB8974A-66F7-3BB7-B414-FBF66BFBA74C}"
	ProjectSection(ProjectDependencies) = postProject
		{AF46AD19-6724-3532-B2FE-489CE19E1CFD} = {AF46AD19-6724-3532-B2FE-489CE19E1CFD}
		{A2D824F6-59F1-311F-B6BB-D17AFA9161FE} = {A2D824F6-59F1-311F-B6BB-D17AFA9161FE}
	EndProjectSection
EndProject
Project("{8BC9CEB8-8B4A-11D0-8D11-00A0C91BC942}") = "application_osgearth_features", "osgearth_features\application_osgearth_features.vcxproj", "{EB7B7105-CC7E-384C-A175-757D6D2E2E04}"
	ProjectSection(ProjectDependencies) = postProject
		{AF46AD19-6724-3532-B2FE-489CE19E1CFD} = {AF46AD19-6724-3532-B2FE-489CE19E1CFD}
		{A2D824F6-59F1-311F-B6BB-D17AFA9161FE} = {A2D824F6-59F1-311F-B6BB-D17AFA9161FE}
	EndProjectSection
EndProject
Project("{8BC9CEB8-8B4A-11D0-8D11-00A0C91BC942}") = "application_osgearth_graticule", "osgearth_graticule\application_osgearth_graticule.vcxproj", "{32A84C5D-105C-3723-A9F2-9463BC3B77A5}"
	ProjectSection(ProjectDependencies) = postProject
		{AF46AD19-6724-3532-B2FE-489CE19E1CFD} = {AF46AD19-6724-3532-B2FE-489CE19E1CFD}
		{A2D824F6-59F1-311F-B6BB-D17AFA9161FE} = {A2D824F6-59F1-311F-B6BB-D17AFA9161FE}
	EndProjectSection
EndProject
Project("{8BC9CEB8-8B4A-11D0-8D11-00A0C91BC942}") = "application_osgearth_heatmap", "osgearth_heatmap\application_osgearth_heatmap.vcxproj", "{724C01ED-2CE8-3703-9915-433CDEA5B7FF}"
	ProjectSection(ProjectDependencies) = postProject
		{AF46AD19-6724-3532-B2FE-489CE19E1CFD} = {AF46AD19-6724-3532-B2FE-489CE19E1CFD}
		{A2D824F6-59F1-311F-B6BB-D17AFA9161FE} = {A2D824F6-59F1-311F-B6BB-D17AFA9161FE}
	EndProjectSection
EndProject
Project("{8BC9CEB8-8B4A-11D0-8D11-00A0C91BC942}") = "application_osgearth_horizon", "osgearth_horizon\application_osgearth_horizon.vcxproj", "{8E722E86-272A-3FC8-9B37-AC2B1B49C5A4}"
	ProjectSection(ProjectDependencies) = postProject
		{AF46AD19-6724-3532-B2FE-489CE19E1CFD} = {AF46AD19-6724-3532-B2FE-489CE19E1CFD}
		{A2D824F6-59F1-311F-B6BB-D17AFA9161FE} = {A2D824F6-59F1-311F-B6BB-D17AFA9161FE}
	EndProjectSection
EndProject
Project("{8BC9CEB8-8B4A-11D0-8D11-00A0C91BC942}") = "application_osgearth_imposterbaker", "osgearth_imposterbaker\application_osgearth_imposterbaker.vcxproj", "{A9EBE437-EEFD-3932-838C-6F154FE7F376}"
	ProjectSection(ProjectDependencies) = postProject
		{AF46AD19-6724-3532-B2FE-489CE19E1CFD} = {AF46AD19-6724-3532-B2FE-489CE19E1CFD}
		{A2D824F6-59F1-311F-B6BB-D17AFA9161FE} = {A2D824F6-59F1-311F-B6BB-D17AFA9161FE}
	EndProjectSection
EndProject
Project("{8BC9CEB8-8B4A-11D0-8D11-00A0C91BC942}") = "application_osgearth_infinitescroll", "osgearth_infinitescroll\application_osgearth_infinitescroll.vcxproj", "{F3BE201E-2A58-3CF4-8917-FFCF5A8041D1}"
	ProjectSection(ProjectDependencies) = postProject
		{AF46AD19-6724-3532-B2FE-489CE19E1CFD} = {AF46AD19-6724-3532-B2FE-489CE19E1CFD}
		{A2D824F6-59F1-311F-B6BB-D17AFA9161FE} = {A2D824F6-59F1-311F-B6BB-D17AFA9161FE}
	EndProjectSection
EndProject
Project("{8BC9CEB8-8B4A-11D0-8D11-00A0C91BC942}") = "application_osgearth_lights", "osgearth_lights\application_osgearth_lights.vcxproj", "{194B55E0-5711-3FEB-BFF3-6D8973B71B9B}"
	ProjectSection(ProjectDependencies) = postProject
		{AF46AD19-6724-3532-B2FE-489CE19E1CFD} = {AF46AD19-6724-3532-B2FE-489CE19E1CFD}
		{A2D824F6-59F1-311F-B6BB-D17AFA9161FE} = {A2D824F6-59F1-311F-B6BB-D17AFA9161FE}
	EndProjectSection
EndProject
Project("{8BC9CEB8-8B4A-11D0-8D11-00A0C91BC942}") = "application_osgearth_los", "osgearth_los\application_osgearth_los.vcxproj", "{23721C3D-B9AA-3D04-B508-62DB86E2C976}"
	ProjectSection(ProjectDependencies) = postProject
		{AF46AD19-6724-3532-B2FE-489CE19E1CFD} = {AF46AD19-6724-3532-B2FE-489CE19E1CFD}
		{A2D824F6-59F1-311F-B6BB-D17AFA9161FE} = {A2D824F6-59F1-311F-B6BB-D17AFA9161FE}
	EndProjectSection
EndProject
Project("{8BC9CEB8-8B4A-11D0-8D11-00A0C91BC942}") = "application_osgearth_magnify", "osgearth_magnify\application_osgearth_magnify.vcxproj", "{5DBCDC5A-30FF-3ECE-A545-28A7AD35EA06}"
	ProjectSection(ProjectDependencies) = postProject
		{AF46AD19-6724-3532-B2FE-489CE19E1CFD} = {AF46AD19-6724-3532-B2FE-489CE19E1CFD}
		{A2D824F6-59F1-311F-B6BB-D17AFA9161FE} = {A2D824F6-59F1-311F-B6BB-D17AFA9161FE}
	EndProjectSection
EndProject
Project("{8BC9CEB8-8B4A-11D0-8D11-00A0C91BC942}") = "application_osgearth_manip", "osgearth_manip\application_osgearth_manip.vcxproj", "{1DFAD65D-FA0E-32F5-8807-959844F2AE8F}"
	ProjectSection(ProjectDependencies) = postProject
		{AF46AD19-6724-3532-B2FE-489CE19E1CFD} = {AF46AD19-6724-3532-B2FE-489CE19E1CFD}
		{A2D824F6-59F1-311F-B6BB-D17AFA9161FE} = {A2D824F6-59F1-311F-B6BB-D17AFA9161FE}
	EndProjectSection
EndProject
Project("{8BC9CEB8-8B4A-11D0-8D11-00A0C91BC942}") = "application_osgearth_map", "osgearth_map\application_osgearth_map.vcxproj", "{88E967EB-5656-378B-87B1-6F87FCB96A47}"
	ProjectSection(ProjectDependencies) = postProject
		{AF46AD19-6724-3532-B2FE-489CE19E1CFD} = {AF46AD19-6724-3532-B2FE-489CE19E1CFD}
		{A2D824F6-59F1-311F-B6BB-D17AFA9161FE} = {A2D824F6-59F1-311F-B6BB-D17AFA9161FE}
	EndProjectSection
EndProject
Project("{8BC9CEB8-8B4A-11D0-8D11-00A0C91BC942}") = "application_osgearth_minimap", "osgearth_minimap\application_osgearth_minimap.vcxproj", "{F33958C6-0F7F-3B8F-B376-641E83EA6866}"
	ProjectSection(ProjectDependencies) = postProject
		{AF46AD19-6724-3532-B2FE-489CE19E1CFD} = {AF46AD19-6724-3532-B2FE-489CE19E1CFD}
		{A2D824F6-59F1-311F-B6BB-D17AFA9161FE} = {A2D824F6-59F1-311F-B6BB-D17AFA9161FE}
	EndProjectSection
EndProject
Project("{8BC9CEB8-8B4A-11D0-8D11-00A0C91BC942}") = "application_osgearth_mrt", "osgearth_mrt\application_osgearth_mrt.vcxproj", "{C21AA352-72AB-3D41-8771-38F6053BD445}"
	ProjectSection(ProjectDependencies) = postProject
		{AF46AD19-6724-3532-B2FE-489CE19E1CFD} = {AF46AD19-6724-3532-B2FE-489CE19E1CFD}
		{A2D824F6-59F1-311F-B6BB-D17AFA9161FE} = {A2D824F6-59F1-311F-B6BB-D17AFA9161FE}
	EndProjectSection
EndProject
Project("{8BC9CEB8-8B4A-11D0-8D11-00A0C91BC942}") = "application_osgearth_occlusionculling", "osgearth_occlusionculling\application_osgearth_occlusionculling.vcxproj", "{EAFE2C78-ABCE-3674-9736-94248FB046A3}"
	ProjectSection(ProjectDependencies) = postProject
		{AF46AD19-6724-3532-B2FE-489CE19E1CFD} = {AF46AD19-6724-3532-B2FE-489CE19E1CFD}
		{A2D824F6-59F1-311F-B6BB-D17AFA9161FE} = {A2D824F6-59F1-311F-B6BB-D17AFA9161FE}
	EndProjectSection
EndProject
Project("{8BC9CEB8-8B4A-11D0-8D11-00A0C91BC942}") = "application_osgearth_overlayviewer", "osgearth_overlayviewer\application_osgearth_overlayviewer.vcxproj", "{DACEC25F-6AAF-3E9C-A961-6097F955844A}"
	ProjectSection(ProjectDependencies) = postProject
		{AF46AD19-6724-3532-B2FE-489CE19E1CFD} = {AF46AD19-6724-3532-B2FE-489CE19E1CFD}
		{A2D824F6-59F1-311F-B6BB-D17AFA9161FE} = {A2D824F6-59F1-311F-B6BB-D17AFA9161FE}
	EndProjectSection
EndProject
Project("{8BC9CEB8-8B4A-11D0-8D11-00A0C91BC942}") = "application_osgearth_shadercomp", "osgearth_shadercomp\application_osgearth_shadercomp.vcxproj", "{4EF64B7F-AE66-3880-A536-13BD47B0CC6D}"
	ProjectSection(ProjectDependencies) = postProject
		{AF46AD19-6724-3532-B2FE-489CE19E1CFD} = {AF46AD19-6724-3532-B2FE-489CE19E1CFD}
		{A2D824F6-59F1-311F-B6BB-D17AFA9161FE} = {A2D824F6-59F1-311F-B6BB-D17AFA9161FE}
	EndProjectSection
EndProject
Project("{8BC9CEB8-8B4A-11D0-8D11-00A0C91BC942}") = "application_osgearth_skyview", "osgearth_skyview\application_osgearth_skyview.vcxproj", "{9511D2AA-352C-39A6-A859-34665E7C34C1}"
	ProjectSection(ProjectDependencies) = postProject
		{AF46AD19-6724-3532-B2FE-489CE19E1CFD} = {AF46AD19-6724-3532-B2FE-489CE19E1CFD}
		{A2D824F6-59F1-311F-B6BB-D17AFA9161FE} = {A2D824F6-59F1-311F-B6BB-D17AFA9161FE}
	EndProjectSection
EndProject
Project("{8BC9CEB8-8B4A-11D0-8D11-00A0C91BC942}") = "application_osgearth_terrainprofile", "osgearth_terrainprofile\application_osgearth_terrainprofile.vcxproj", "{388733A6-AD4A-34DB-AB13-2ABFC5AE235A}"
	ProjectSection(ProjectDependencies) = postProject
		{AF46AD19-6724-3532-B2FE-489CE19E1CFD} = {AF46AD19-6724-3532-B2FE-489CE19E1CFD}
		{A2D824F6-59F1-311F-B6BB-D17AFA9161FE} = {A2D824F6-59F1-311F-B6BB-D17AFA9161FE}
	EndProjectSection
EndProject
Project("{8BC9CEB8-8B4A-11D0-8D11-00A0C91BC942}") = "application_osgearth_tfs", "osgearth_tfs\application_osgearth_tfs.vcxproj", "{1581BAA8-2977-3E3E-8C31-1018CABF63C9}"
	ProjectSection(ProjectDependencies) = postProject
		{AF46AD19-6724-3532-B2FE-489CE19E1CFD} = {AF46AD19-6724-3532-B2FE-489CE19E1CFD}
		{A2D824F6-59F1-311F-B6BB-D17AFA9161FE} = {A2D824F6-59F1-311F-B6BB-D17AFA9161FE}
	EndProjectSection
EndProject
Project("{8BC9CEB8-8B4A-11D0-8D11-00A0C91BC942}") = "application_osgearth_toc", "osgearth_toc\application_osgearth_toc.vcxproj", "{8E4EF2EA-AEF8-3BBA-A867-4C361FE581B3}"
	ProjectSection(ProjectDependencies) = postProject
		{AF46AD19-6724-3532-B2FE-489CE19E1CFD} = {AF46AD19-6724-3532-B2FE-489CE19E1CFD}
		{A2D824F6-59F1-311F-B6BB-D17AFA9161FE} = {A2D824F6-59F1-311F-B6BB-D17AFA9161FE}
	EndProjectSection
EndProject
Project("{8BC9CEB8-8B4A-11D0-8D11-00A0C91BC942}") = "application_osgearth_tracks", "osgearth_tracks\application_osgearth_tracks.vcxproj", "{DDABE2D3-0242-30CE-98BC-9C920F2F2F80}"
	ProjectSection(ProjectDependencies) = postProject
		{AF46AD19-6724-3532-B2FE-489CE19E1CFD} = {AF46AD19-6724-3532-B2FE-489CE19E1CFD}
		{A2D824F6-59F1-311F-B6BB-D17AFA9161FE} = {A2D824F6-59F1-311F-B6BB-D17AFA9161FE}
	EndProjectSection
EndProject
Project("{8BC9CEB8-8B4A-11D0-8D11-00A0C91BC942}") = "application_osgearth_transform", "osgearth_transform\application_osgearth_transform.vcxproj", "{8CD231C8-3668-391F-AD30-5DA66471B23F}"
	ProjectSection(ProjectDependencies) = postProject
		{AF46AD19-6724-3532-B2FE-489CE19E1CFD} = {AF46AD19-6724-3532-B2FE-489CE19E1CFD}
		{A2D824F6-59F1-311F-B6BB-D17AFA9161FE} = {A2D824F6-59F1-311F-B6BB-D17AFA9161FE}
	EndProjectSection
EndProject
Project("{8BC9CEB8-8B4A-11D0-8D11-00A0C91BC942}") = "application_osgearth_version", "osgearth_version\application_osgearth_version.vcxproj", "{528F894D-578C-35C6-A320-CBA07C0FCB60}"
	ProjectSection(ProjectDependencies) = postProject
		{AF46AD19-6724-3532-B2FE-489CE19E1CFD} = {AF46AD19-6724-3532-B2FE-489CE19E1CFD}
		{A2D824F6-59F1-311F-B6BB-D17AFA9161FE} = {A2D824F6-59F1-311F-B6BB-D17AFA9161FE}
	EndProjectSection
EndProject
Project("{8BC9CEB8-8B4A-11D0-8D11-00A0C91BC942}") = "application_osgearth_video", "osgearth_video\application_osgearth_video.vcxproj", "{C4D1EC43-D7E8-348D-BCAA-E92244D6C716}"
	ProjectSection(ProjectDependencies) = postProject
		{AF46AD19-6724-3532-B2FE-489CE19E1CFD} = {AF46AD19-6724-3532-B2FE-489CE19E1CFD}
		{A2D824F6-59F1-311F-B6BB-D17AFA9161FE} = {A2D824F6-59F1-311F-B6BB-D17AFA9161FE}
	EndProjectSection
EndProject
Project("{8BC9CEB8-8B4A-11D0-8D11-00A0C91BC942}") = "application_osgearth_viewer", "osgearth_viewer\application_osgearth_viewer.vcxproj", "{CEBF7820-7CB4-3C67-B6FC-E53B8E024622}"
	ProjectSection(ProjectDependencies) = postProject
		{AF46AD19-6724-3532-B2FE-489CE19E1CFD} = {AF46AD19-6724-3532-B2FE-489CE19E1CFD}
		{A2D824F6-59F1-311F-B6BB-D17AFA9161FE} = {A2D824F6-59F1-311F-B6BB-D17AFA9161FE}
	EndProjectSection
EndProject
Project("{8BC9CEB8-8B4A-11D0-8D11-00A0C91BC942}") = "osgEarth", "..\osgEarth\osgEarth.vcxproj", "{A2D824F6-59F1-311F-B6BB-D17AFA9161FE}"
	ProjectSection(ProjectDependencies) = postProject
		{AF46AD19-6724-3532-B2FE-489CE19E1CFD} = {AF46AD19-6724-3532-B2FE-489CE19E1CFD}
	EndProjectSection
EndProject
Project("{8BC9CEB8-8B4A-11D0-8D11-00A0C91BC942}") = "osgEarthProcedural", "..\osgEarthProcedural\osgEarthProcedural.vcxproj", "{238F5CA1-BB91-3738-B5CA-2B4272A92A10}"
	ProjectSection(ProjectDependencies) = postProject
		{AF46AD19-6724-3532-B2FE-489CE19E1CFD} = {AF46AD19-6724-3532-B2FE-489CE19E1CFD}
		{A2D824F6-59F1-311F-B6BB-D17AFA9161FE} = {A2D824F6-59F1-311F-B6BB-D17AFA9161FE}
	EndProjectSection
EndProject
Global
	GlobalSection(SolutionConfigurationPlatforms) = preSolution
		Debug|x64 = Debug|x64
		Release|x64 = Release|x64
		MinSizeRel|x64 = MinSizeRel|x64
		RelWithDebInfo|x64 = RelWithDebInfo|x64
	EndGlobalSection
	GlobalSection(ProjectConfigurationPlatforms) = postSolution
		{361CC55A-25E5-38F7-9801-470AA3D3810D}.Debug|x64.ActiveCfg = Debug|x64
		{361CC55A-25E5-38F7-9801-470AA3D3810D}.Debug|x64.Build.0 = Debug|x64
		{361CC55A-25E5-38F7-9801-470AA3D3810D}.Release|x64.ActiveCfg = Release|x64
		{361CC55A-25E5-38F7-9801-470AA3D3810D}.Release|x64.Build.0 = Release|x64
		{361CC55A-25E5-38F7-9801-470AA3D3810D}.MinSizeRel|x64.ActiveCfg = MinSizeRel|x64
		{361CC55A-25E5-38F7-9801-470AA3D3810D}.MinSizeRel|x64.Build.0 = MinSizeRel|x64
		{361CC55A-25E5-38F7-9801-470AA3D3810D}.RelWithDebInfo|x64.ActiveCfg = RelWithDebInfo|x64
		{361CC55A-25E5-38F7-9801-470AA3D3810D}.RelWithDebInfo|x64.Build.0 = RelWithDebInfo|x64
		{EBB011E1-D606-3CBB-9CEA-A59863471ABA}.Debug|x64.ActiveCfg = Debug|x64
		{EBB011E1-D606-3CBB-9CEA-A59863471ABA}.Release|x64.ActiveCfg = Release|x64
		{EBB011E1-D606-3CBB-9CEA-A59863471ABA}.MinSizeRel|x64.ActiveCfg = MinSizeRel|x64
		{EBB011E1-D606-3CBB-9CEA-A59863471ABA}.RelWithDebInfo|x64.ActiveCfg = RelWithDebInfo|x64
		{AF46AD19-6724-3532-B2FE-489CE19E1CFD}.Debug|x64.ActiveCfg = Debug|x64
		{AF46AD19-6724-3532-B2FE-489CE19E1CFD}.Debug|x64.Build.0 = Debug|x64
		{AF46AD19-6724-3532-B2FE-489CE19E1CFD}.Release|x64.ActiveCfg = Release|x64
		{AF46AD19-6724-3532-B2FE-489CE19E1CFD}.Release|x64.Build.0 = Release|x64
		{AF46AD19-6724-3532-B2FE-489CE19E1CFD}.MinSizeRel|x64.ActiveCfg = MinSizeRel|x64
		{AF46AD19-6724-3532-B2FE-489CE19E1CFD}.MinSizeRel|x64.Build.0 = MinSizeRel|x64
		{AF46AD19-6724-3532-B2FE-489CE19E1CFD}.RelWithDebInfo|x64.ActiveCfg = RelWithDebInfo|x64
		{AF46AD19-6724-3532-B2FE-489CE19E1CFD}.RelWithDebInfo|x64.Build.0 = RelWithDebInfo|x64
		{4E9FC4B2-B556-366F-AA23-89A9A8B2BBD5}.Debug|x64.ActiveCfg = Debug|x64
		{4E9FC4B2-B556-366F-AA23-89A9A8B2BBD5}.Debug|x64.Build.0 = Debug|x64
		{4E9FC4B2-B556-366F-AA23-89A9A8B2BBD5}.Release|x64.ActiveCfg = Release|x64
		{4E9FC4B2-B556-366F-AA23-89A9A8B2BBD5}.Release|x64.Build.0 = Release|x64
		{4E9FC4B2-B556-366F-AA23-89A9A8B2BBD5}.MinSizeRel|x64.ActiveCfg = MinSizeRel|x64
		{4E9FC4B2-B556-366F-AA23-89A9A8B2BBD5}.MinSizeRel|x64.Build.0 = MinSizeRel|x64
		{4E9FC4B2-B556-366F-AA23-89A9A8B2BBD5}.RelWithDebInfo|x64.ActiveCfg = RelWithDebInfo|x64
		{4E9FC4B2-B556-366F-AA23-89A9A8B2BBD5}.RelWithDebInfo|x64.Build.0 = RelWithDebInfo|x64
		{817A025D-4E62-3AB3-AFF0-1991D5BB22E8}.Debug|x64.ActiveCfg = Debug|x64
		{817A025D-4E62-3AB3-AFF0-1991D5BB22E8}.Debug|x64.Build.0 = Debug|x64
		{817A025D-4E62-3AB3-AFF0-1991D5BB22E8}.Release|x64.ActiveCfg = Release|x64
		{817A025D-4E62-3AB3-AFF0-1991D5BB22E8}.Release|x64.Build.0 = Release|x64
		{817A025D-4E62-3AB3-AFF0-1991D5BB22E8}.MinSizeRel|x64.ActiveCfg = MinSizeRel|x64
		{817A025D-4E62-3AB3-AFF0-1991D5BB22E8}.MinSizeRel|x64.Build.0 = MinSizeRel|x64
		{817A025D-4E62-3AB3-AFF0-1991D5BB22E8}.RelWithDebInfo|x64.ActiveCfg = RelWithDebInfo|x64
		{817A025D-4E62-3AB3-AFF0-1991D5BB22E8}.RelWithDebInfo|x64.Build.0 = RelWithDebInfo|x64
		{A9D6440C-DC4E-36B1-8863-69A465699CDA}.Debug|x64.ActiveCfg = Debug|x64
		{A9D6440C-DC4E-36B1-8863-69A465699CDA}.Debug|x64.Build.0 = Debug|x64
		{A9D6440C-DC4E-36B1-8863-69A465699CDA}.Release|x64.ActiveCfg = Release|x64
		{A9D6440C-DC4E-36B1-8863-69A465699CDA}.Release|x64.Build.0 = Release|x64
		{A9D6440C-DC4E-36B1-8863-69A465699CDA}.MinSizeRel|x64.ActiveCfg = MinSizeRel|x64
		{A9D6440C-DC4E-36B1-8863-69A465699CDA}.MinSizeRel|x64.Build.0 = MinSizeRel|x64
		{A9D6440C-DC4E-36B1-8863-69A465699CDA}.RelWithDebInfo|x64.ActiveCfg = RelWithDebInfo|x64
		{A9D6440C-DC4E-36B1-8863-69A465699CDA}.RelWithDebInfo|x64.Build.0 = RelWithDebInfo|x64
		{E0B43F00-C977-3A58-9D20-83E1A3831FAB}.Debug|x64.ActiveCfg = Debug|x64
		{E0B43F00-C977-3A58-9D20-83E1A3831FAB}.Debug|x64.Build.0 = Debug|x64
		{E0B43F00-C977-3A58-9D20-83E1A3831FAB}.Release|x64.ActiveCfg = Release|x64
		{E0B43F00-C977-3A58-9D20-83E1A3831FAB}.Release|x64.Build.0 = Release|x64
		{E0B43F00-C977-3A58-9D20-83E1A3831FAB}.MinSizeRel|x64.ActiveCfg = MinSizeRel|x64
		{E0B43F00-C977-3A58-9D20-83E1A3831FAB}.MinSizeRel|x64.Build.0 = MinSizeRel|x64
		{E0B43F00-C977-3A58-9D20-83E1A3831FAB}.RelWithDebInfo|x64.ActiveCfg = RelWithDebInfo|x64
		{E0B43F00-C977-3A58-9D20-83E1A3831FAB}.RelWithDebInfo|x64.Build.0 = RelWithDebInfo|x64
		{71EEAA97-A48A-301A-BC4B-BD665E9A5A53}.Debug|x64.ActiveCfg = Debug|x64
		{71EEAA97-A48A-301A-BC4B-BD665E9A5A53}.Debug|x64.Build.0 = Debug|x64
		{71EEAA97-A48A-301A-BC4B-BD665E9A5A53}.Release|x64.ActiveCfg = Release|x64
		{71EEAA97-A48A-301A-BC4B-BD665E9A5A53}.Release|x64.Build.0 = Release|x64
		{71EEAA97-A48A-301A-BC4B-BD665E9A5A53}.MinSizeRel|x64.ActiveCfg = MinSizeRel|x64
		{71EEAA97-A48A-301A-BC4B-BD665E9A5A53}.MinSizeRel|x64.Build.0 = MinSizeRel|x64
		{71EEAA97-A48A-301A-BC4B-BD665E9A5A53}.RelWithDebInfo|x64.ActiveCfg = RelWithDebInfo|x64
		{71EEAA97-A48A-301A-BC4B-BD665E9A5A53}.RelWithDebInfo|x64.Build.0 = RelWithDebInfo|x64
		{3A8FB46A-32AC-3FC1-A328-EC455E9648BF}.Debug|x64.ActiveCfg = Debug|x64
		{3A8FB46A-32AC-3FC1-A328-EC455E9648BF}.Debug|x64.Build.0 = Debug|x64
		{3A8FB46A-32AC-3FC1-A328-EC455E9648BF}.Release|x64.ActiveCfg = Release|x64
		{3A8FB46A-32AC-3FC1-A328-EC455E9648BF}.Release|x64.Build.0 = Release|x64
		{3A8FB46A-32AC-3FC1-A328-EC455E9648BF}.MinSizeRel|x64.ActiveCfg = MinSizeRel|x64
		{3A8FB46A-32AC-3FC1-A328-EC455E9648BF}.MinSizeRel|x64.Build.0 = MinSizeRel|x64
		{3A8FB46A-32AC-3FC1-A328-EC455E9648BF}.RelWithDebInfo|x64.ActiveCfg = RelWithDebInfo|x64
		{3A8FB46A-32AC-3FC1-A328-EC455E9648BF}.RelWithDebInfo|x64.Build.0 = RelWithDebInfo|x64
		{24893900-9CAC-3AEC-A8D1-5042F6624428}.Debug|x64.ActiveCfg = Debug|x64
		{24893900-9CAC-3AEC-A8D1-5042F6624428}.Debug|x64.Build.0 = Debug|x64
		{24893900-9CAC-3AEC-A8D1-5042F6624428}.Release|x64.ActiveCfg = Release|x64
		{24893900-9CAC-3AEC-A8D1-5042F6624428}.Release|x64.Build.0 = Release|x64
		{24893900-9CAC-3AEC-A8D1-5042F6624428}.MinSizeRel|x64.ActiveCfg = MinSizeRel|x64
		{24893900-9CAC-3AEC-A8D1-5042F6624428}.MinSizeRel|x64.Build.0 = MinSizeRel|x64
		{24893900-9CAC-3AEC-A8D1-5042F6624428}.RelWithDebInfo|x64.ActiveCfg = RelWithDebInfo|x64
		{24893900-9CAC-3AEC-A8D1-5042F6624428}.RelWithDebInfo|x64.Build.0 = RelWithDebInfo|x64
		{23B6E3AA-56CB-3E97-96B2-4C8B3A8D56A4}.Debug|x64.ActiveCfg = Debug|x64
		{23B6E3AA-56CB-3E97-96B2-4C8B3A8D56A4}.Debug|x64.Build.0 = Debug|x64
		{23B6E3AA-56CB-3E97-96B2-4C8B3A8D56A4}.Release|x64.ActiveCfg = Release|x64
		{23B6E3AA-56CB-3E97-96B2-4C8B3A8D56A4}.Release|x64.Build.0 = Release|x64
		{23B6E3AA-56CB-3E97-96B2-4C8B3A8D56A4}.MinSizeRel|x64.ActiveCfg = MinSizeRel|x64
		{23B6E3AA-56CB-3E97-96B2-4C8B3A8D56A4}.MinSizeRel|x64.Build.0 = MinSizeRel|x64
		{23B6E3AA-56CB-3E97-96B2-4C8B3A8D56A4}.RelWithDebInfo|x64.ActiveCfg = RelWithDebInfo|x64
		{23B6E3AA-56CB-3E97-96B2-4C8B3A8D56A4}.RelWithDebInfo|x64.Build.0 = RelWithDebInfo|x64
		{A8C3C6F9-5696-3662-94DE-B4C2441FE510}.Debug|x64.ActiveCfg = Debug|x64
		{A8C3C6F9-5696-3662-94DE-B4C2441FE510}.Debug|x64.Build.0 = Debug|x64
		{A8C3C6F9-5696-3662-94DE-B4C2441FE510}.Release|x64.ActiveCfg = Release|x64
		{A8C3C6F9-5696-3662-94DE-B4C2441FE510}.Release|x64.Build.0 = Release|x64
		{A8C3C6F9-5696-3662-94DE-B4C2441FE510}.MinSizeRel|x64.ActiveCfg = MinSizeRel|x64
		{A8C3C6F9-5696-3662-94DE-B4C2441FE510}.MinSizeRel|x64.Build.0 = MinSizeRel|x64
		{A8C3C6F9-5696-3662-94DE-B4C2441FE510}.RelWithDebInfo|x64.ActiveCfg = RelWithDebInfo|x64
		{A8C3C6F9-5696-3662-94DE-B4C2441FE510}.RelWithDebInfo|x64.Build.0 = RelWithDebInfo|x64
		{7C0F4F7D-2F31-3AA8-8DD2-F0FB75096439}.Debug|x64.ActiveCfg = Debug|x64
		{7C0F4F7D-2F31-3AA8-8DD2-F0FB75096439}.Debug|x64.Build.0 = Debug|x64
		{7C0F4F7D-2F31-3AA8-8DD2-F0FB75096439}.Release|x64.ActiveCfg = Release|x64
		{7C0F4F7D-2F31-3AA8-8DD2-F0FB75096439}.Release|x64.Build.0 = Release|x64
		{7C0F4F7D-2F31-3AA8-8DD2-F0FB75096439}.MinSizeRel|x64.ActiveCfg = MinSizeRel|x64
		{7C0F4F7D-2F31-3AA8-8DD2-F0FB75096439}.MinSizeRel|x64.Build.0 = MinSizeRel|x64
		{7C0F4F7D-2F31-3AA8-8DD2-F0FB75096439}.RelWithDebInfo|x64.ActiveCfg = RelWithDebInfo|x64
		{7C0F4F7D-2F31-3AA8-8DD2-F0FB75096439}.RelWithDebInfo|x64.Build.0 = RelWithDebInfo|x64
		{A0B254B8-0BF7-3DF4-98E1-1DC63FC81BB3}.Debug|x64.ActiveCfg = Debug|x64
		{A0B254B8-0BF7-3DF4-98E1-1DC63FC81BB3}.Debug|x64.Build.0 = Debug|x64
		{A0B254B8-0BF7-3DF4-98E1-1DC63FC81BB3}.Release|x64.ActiveCfg = Release|x64
		{A0B254B8-0BF7-3DF4-98E1-1DC63FC81BB3}.Release|x64.Build.0 = Release|x64
		{A0B254B8-0BF7-3DF4-98E1-1DC63FC81BB3}.MinSizeRel|x64.ActiveCfg = MinSizeRel|x64
		{A0B254B8-0BF7-3DF4-98E1-1DC63FC81BB3}.MinSizeRel|x64.Build.0 = MinSizeRel|x64
		{A0B254B8-0BF7-3DF4-98E1-1DC63FC81BB3}.RelWithDebInfo|x64.ActiveCfg = RelWithDebInfo|x64
		{A0B254B8-0BF7-3DF4-98E1-1DC63FC81BB3}.RelWithDebInfo|x64.Build.0 = RelWithDebInfo|x64
		{602EAD9A-928E-3BB6-B61F-E9CE5E440E00}.Debug|x64.ActiveCfg = Debug|x64
		{602EAD9A-928E-3BB6-B61F-E9CE5E440E00}.Debug|x64.Build.0 = Debug|x64
		{602EAD9A-928E-3BB6-B61F-E9CE5E440E00}.Release|x64.ActiveCfg = Release|x64
		{602EAD9A-928E-3BB6-B61F-E9CE5E440E00}.Release|x64.Build.0 = Release|x64
		{602EAD9A-928E-3BB6-B61F-E9CE5E440E00}.MinSizeRel|x64.ActiveCfg = MinSizeRel|x64
		{602EAD9A-928E-3BB6-B61F-E9CE5E440E00}.MinSizeRel|x64.Build.0 = MinSizeRel|x64
		{602EAD9A-928E-3BB6-B61F-E9CE5E440E00}.RelWithDebInfo|x64.ActiveCfg = RelWithDebInfo|x64
		{602EAD9A-928E-3BB6-B61F-E9CE5E440E00}.RelWithDebInfo|x64.Build.0 = RelWithDebInfo|x64
		{24BFFCD0-827B-3AB4-B616-569A544779FA}.Debug|x64.ActiveCfg = Debug|x64
		{24BFFCD0-827B-3AB4-B616-569A544779FA}.Debug|x64.Build.0 = Debug|x64
		{24BFFCD0-827B-3AB4-B616-569A544779FA}.Release|x64.ActiveCfg = Release|x64
		{24BFFCD0-827B-3AB4-B616-569A544779FA}.Release|x64.Build.0 = Release|x64
		{24BFFCD0-827B-3AB4-B616-569A544779FA}.MinSizeRel|x64.ActiveCfg = MinSizeRel|x64
		{24BFFCD0-827B-3AB4-B616-569A544779FA}.MinSizeRel|x64.Build.0 = MinSizeRel|x64
		{24BFFCD0-827B-3AB4-B616-569A544779FA}.RelWithDebInfo|x64.ActiveCfg = RelWithDebInfo|x64
		{24BFFCD0-827B-3AB4-B616-569A544779FA}.RelWithDebInfo|x64.Build.0 = RelWithDebInfo|x64
		{70688DFE-5275-3D24-A4EF-7F7906BCAB66}.Debug|x64.ActiveCfg = Debug|x64
		{70688DFE-5275-3D24-A4EF-7F7906BCAB66}.Debug|x64.Build.0 = Debug|x64
		{70688DFE-5275-3D24-A4EF-7F7906BCAB66}.Release|x64.ActiveCfg = Release|x64
		{70688DFE-5275-3D24-A4EF-7F7906BCAB66}.Release|x64.Build.0 = Release|x64
		{70688DFE-5275-3D24-A4EF-7F7906BCAB66}.MinSizeRel|x64.ActiveCfg = MinSizeRel|x64
		{70688DFE-5275-3D24-A4EF-7F7906BCAB66}.MinSizeRel|x64.Build.0 = MinSizeRel|x64
		{70688DFE-5275-3D24-A4EF-7F7906BCAB66}.RelWithDebInfo|x64.ActiveCfg = RelWithDebInfo|x64
		{70688DFE-5275-3D24-A4EF-7F7906BCAB66}.RelWithDebInfo|x64.Build.0 = RelWithDebInfo|x64
		{6C34FDAE-4F04-3A4A-828F-FCB4FFDF837B}.Debug|x64.ActiveCfg = Debug|x64
		{6C34FDAE-4F04-3A4A-828F-FCB4FFDF837B}.Debug|x64.Build.0 = Debug|x64
		{6C34FDAE-4F04-3A4A-828F-FCB4FFDF837B}.Release|x64.ActiveCfg = Release|x64
		{6C34FDAE-4F04-3A4A-828F-FCB4FFDF837B}.Release|x64.Build.0 = Release|x64
		{6C34FDAE-4F04-3A4A-828F-FCB4FFDF837B}.MinSizeRel|x64.ActiveCfg = MinSizeRel|x64
		{6C34FDAE-4F04-3A4A-828F-FCB4FFDF837B}.MinSizeRel|x64.Build.0 = MinSizeRel|x64
		{6C34FDAE-4F04-3A4A-828F-FCB4FFDF837B}.RelWithDebInfo|x64.ActiveCfg = RelWithDebInfo|x64
		{6C34FDAE-4F04-3A4A-828F-FCB4FFDF837B}.RelWithDebInfo|x64.Build.0 = RelWithDebInfo|x64
		{0FB8974A-66F7-3BB7-B414-FBF66BFBA74C}.Debug|x64.ActiveCfg = Debug|x64
		{0FB8974A-66F7-3BB7-B414-FBF66BFBA74C}.Debug|x64.Build.0 = Debug|x64
		{0FB8974A-66F7-3BB7-B414-FBF66BFBA74C}.Release|x64.ActiveCfg = Release|x64
		{0FB8974A-66F7-3BB7-B414-FBF66BFBA74C}.Release|x64.Build.0 = Release|x64
		{0FB8974A-66F7-3BB7-B414-FBF66BFBA74C}.MinSizeRel|x64.ActiveCfg = MinSizeRel|x64
		{0FB8974A-66F7-3BB7-B414-FBF66BFBA74C}.MinSizeRel|x64.Build.0 = MinSizeRel|x64
		{0FB8974A-66F7-3BB7-B414-FBF66BFBA74C}.RelWithDebInfo|x64.ActiveCfg = RelWithDebInfo|x64
		{0FB8974A-66F7-3BB7-B414-FBF66BFBA74C}.RelWithDebInfo|x64.Build.0 = RelWithDebInfo|x64
		{EB7B7105-CC7E-384C-A175-757D6D2E2E04}.Debug|x64.ActiveCfg = Debug|x64
		{EB7B7105-CC7E-384C-A175-757D6D2E2E04}.Debug|x64.Build.0 = Debug|x64
		{EB7B7105-CC7E-384C-A175-757D6D2E2E04}.Release|x64.ActiveCfg = Release|x64
		{EB7B7105-CC7E-384C-A175-757D6D2E2E04}.Release|x64.Build.0 = Release|x64
		{EB7B7105-CC7E-384C-A175-757D6D2E2E04}.MinSizeRel|x64.ActiveCfg = MinSizeRel|x64
		{EB7B7105-CC7E-384C-A175-757D6D2E2E04}.MinSizeRel|x64.Build.0 = MinSizeRel|x64
		{EB7B7105-CC7E-384C-A175-757D6D2E2E04}.RelWithDebInfo|x64.ActiveCfg = RelWithDebInfo|x64
		{EB7B7105-CC7E-384C-A175-757D6D2E2E04}.RelWithDebInfo|x64.Build.0 = RelWithDebInfo|x64
		{32A84C5D-105C-3723-A9F2-9463BC3B77A5}.Debug|x64.ActiveCfg = Debug|x64
		{32A84C5D-105C-3723-A9F2-9463BC3B77A5}.Debug|x64.Build.0 = Debug|x64
		{32A84C5D-105C-3723-A9F2-9463BC3B77A5}.Release|x64.ActiveCfg = Release|x64
		{32A84C5D-105C-3723-A9F2-9463BC3B77A5}.Release|x64.Build.0 = Release|x64
		{32A84C5D-105C-3723-A9F2-9463BC3B77A5}.MinSizeRel|x64.ActiveCfg = MinSizeRel|x64
		{32A84C5D-105C-3723-A9F2-9463BC3B77A5}.MinSizeRel|x64.Build.0 = MinSizeRel|x64
		{32A84C5D-105C-3723-A9F2-9463BC3B77A5}.RelWithDebInfo|x64.ActiveCfg = RelWithDebInfo|x64
		{32A84C5D-105C-3723-A9F2-9463BC3B77A5}.RelWithDebInfo|x64.Build.0 = RelWithDebInfo|x64
		{724C01ED-2CE8-3703-9915-433CDEA5B7FF}.Debug|x64.ActiveCfg = Debug|x64
		{724C01ED-2CE8-3703-9915-433CDEA5B7FF}.Debug|x64.Build.0 = Debug|x64
		{724C01ED-2CE8-3703-9915-433CDEA5B7FF}.Release|x64.ActiveCfg = Release|x64
		{724C01ED-2CE8-3703-9915-433CDEA5B7FF}.Release|x64.Build.0 = Release|x64
		{724C01ED-2CE8-3703-9915-433CDEA5B7FF}.MinSizeRel|x64.ActiveCfg = MinSizeRel|x64
		{724C01ED-2CE8-3703-9915-433CDEA5B7FF}.MinSizeRel|x64.Build.0 = MinSizeRel|x64
		{724C01ED-2CE8-3703-9915-433CDEA5B7FF}.RelWithDebInfo|x64.ActiveCfg = RelWithDebInfo|x64
		{724C01ED-2CE8-3703-9915-433CDEA5B7FF}.RelWithDebInfo|x64.Build.0 = RelWithDebInfo|x64
		{8E722E86-272A-3FC8-9B37-AC2B1B49C5A4}.Debug|x64.ActiveCfg = Debug|x64
		{8E722E86-272A-3FC8-9B37-AC2B1B49C5A4}.Debug|x64.Build.0 = Debug|x64
		{8E722E86-272A-3FC8-9B37-AC2B1B49C5A4}.Release|x64.ActiveCfg = Release|x64
		{8E722E86-272A-3FC8-9B37-AC2B1B49C5A4}.Release|x64.Build.0 = Release|x64
		{8E722E86-272A-3FC8-9B37-AC2B1B49C5A4}.MinSizeRel|x64.ActiveCfg = MinSizeRel|x64
		{8E722E86-272A-3FC8-9B37-AC2B1B49C5A4}.MinSizeRel|x64.Build.0 = MinSizeRel|x64
		{8E722E86-272A-3FC8-9B37-AC2B1B49C5A4}.RelWithDebInfo|x64.ActiveCfg = RelWithDebInfo|x64
		{8E722E86-272A-3FC8-9B37-AC2B1B49C5A4}.RelWithDebInfo|x64.Build.0 = RelWithDebInfo|x64
		{A9EBE437-EEFD-3932-838C-6F154FE7F376}.Debug|x64.ActiveCfg = Debug|x64
		{A9EBE437-EEFD-3932-838C-6F154FE7F376}.Debug|x64.Build.0 = Debug|x64
		{A9EBE437-EEFD-3932-838C-6F154FE7F376}.Release|x64.ActiveCfg = Release|x64
		{A9EBE437-EEFD-3932-838C-6F154FE7F376}.Release|x64.Build.0 = Release|x64
		{A9EBE437-EEFD-3932-838C-6F154FE7F376}.MinSizeRel|x64.ActiveCfg = MinSizeRel|x64
		{A9EBE437-EEFD-3932-838C-6F154FE7F376}.MinSizeRel|x64.Build.0 = MinSizeRel|x64
		{A9EBE437-EEFD-3932-838C-6F154FE7F376}.RelWithDebInfo|x64.ActiveCfg = RelWithDebInfo|x64
		{A9EBE437-EEFD-3932-838C-6F154FE7F376}.RelWithDebInfo|x64.Build.0 = RelWithDebInfo|x64
		{F3BE201E-2A58-3CF4-8917-FFCF5A8041D1}.Debug|x64.ActiveCfg = Debug|x64
		{F3BE201E-2A58-3CF4-8917-FFCF5A8041D1}.Debug|x64.Build.0 = Debug|x64
		{F3BE201E-2A58-3CF4-8917-FFCF5A8041D1}.Release|x64.ActiveCfg = Release|x64
		{F3BE201E-2A58-3CF4-8917-FFCF5A8041D1}.Release|x64.Build.0 = Release|x64
		{F3BE201E-2A58-3CF4-8917-FFCF5A8041D1}.MinSizeRel|x64.ActiveCfg = MinSizeRel|x64
		{F3BE201E-2A58-3CF4-8917-FFCF5A8041D1}.MinSizeRel|x64.Build.0 = MinSizeRel|x64
		{F3BE201E-2A58-3CF4-8917-FFCF5A8041D1}.RelWithDebInfo|x64.ActiveCfg = RelWithDebInfo|x64
		{F3BE201E-2A58-3CF4-8917-FFCF5A8041D1}.RelWithDebInfo|x64.Build.0 = RelWithDebInfo|x64
		{194B55E0-5711-3FEB-BFF3-6D8973B71B9B}.Debug|x64.ActiveCfg = Debug|x64
		{194B55E0-5711-3FEB-BFF3-6D8973B71B9B}.Debug|x64.Build.0 = Debug|x64
		{194B55E0-5711-3FEB-BFF3-6D8973B71B9B}.Release|x64.ActiveCfg = Release|x64
		{194B55E0-5711-3FEB-BFF3-6D8973B71B9B}.Release|x64.Build.0 = Release|x64
		{194B55E0-5711-3FEB-BFF3-6D8973B71B9B}.MinSizeRel|x64.ActiveCfg = MinSizeRel|x64
		{194B55E0-5711-3FEB-BFF3-6D8973B71B9B}.MinSizeRel|x64.Build.0 = MinSizeRel|x64
		{194B55E0-5711-3FEB-BFF3-6D8973B71B9B}.RelWithDebInfo|x64.ActiveCfg = RelWithDebInfo|x64
		{194B55E0-5711-3FEB-BFF3-6D8973B71B9B}.RelWithDebInfo|x64.Build.0 = RelWithDebInfo|x64
		{23721C3D-B9AA-3D04-B508-62DB86E2C976}.Debug|x64.ActiveCfg = Debug|x64
		{23721C3D-B9AA-3D04-B508-62DB86E2C976}.Debug|x64.Build.0 = Debug|x64
		{23721C3D-B9AA-3D04-B508-62DB86E2C976}.Release|x64.ActiveCfg = Release|x64
		{23721C3D-B9AA-3D04-B508-62DB86E2C976}.Release|x64.Build.0 = Release|x64
		{23721C3D-B9AA-3D04-B508-62DB86E2C976}.MinSizeRel|x64.ActiveCfg = MinSizeRel|x64
		{23721C3D-B9AA-3D04-B508-62DB86E2C976}.MinSizeRel|x64.Build.0 = MinSizeRel|x64
		{23721C3D-B9AA-3D04-B508-62DB86E2C976}.RelWithDebInfo|x64.ActiveCfg = RelWithDebInfo|x64
		{23721C3D-B9AA-3D04-B508-62DB86E2C976}.RelWithDebInfo|x64.Build.0 = RelWithDebInfo|x64
		{5DBCDC5A-30FF-3ECE-A545-28A7AD35EA06}.Debug|x64.ActiveCfg = Debug|x64
		{5DBCDC5A-30FF-3ECE-A545-28A7AD35EA06}.Debug|x64.Build.0 = Debug|x64
		{5DBCDC5A-30FF-3ECE-A545-28A7AD35EA06}.Release|x64.ActiveCfg = Release|x64
		{5DBCDC5A-30FF-3ECE-A545-28A7AD35EA06}.Release|x64.Build.0 = Release|x64
		{5DBCDC5A-30FF-3ECE-A545-28A7AD35EA06}.MinSizeRel|x64.ActiveCfg = MinSizeRel|x64
		{5DBCDC5A-30FF-3ECE-A545-28A7AD35EA06}.MinSizeRel|x64.Build.0 = MinSizeRel|x64
		{5DBCDC5A-30FF-3ECE-A545-28A7AD35EA06}.RelWithDebInfo|x64.ActiveCfg = RelWithDebInfo|x64
		{5DBCDC5A-30FF-3ECE-A545-28A7AD35EA06}.RelWithDebInfo|x64.Build.0 = RelWithDebInfo|x64
		{1DFAD65D-FA0E-32F5-8807-959844F2AE8F}.Debug|x64.ActiveCfg = Debug|x64
		{1DFAD65D-FA0E-32F5-8807-959844F2AE8F}.Debug|x64.Build.0 = Debug|x64
		{1DFAD65D-FA0E-32F5-8807-959844F2AE8F}.Release|x64.ActiveCfg = Release|x64
		{1DFAD65D-FA0E-32F5-8807-959844F2AE8F}.Release|x64.Build.0 = Release|x64
		{1DFAD65D-FA0E-32F5-8807-959844F2AE8F}.MinSizeRel|x64.ActiveCfg = MinSizeRel|x64
		{1DFAD65D-FA0E-32F5-8807-959844F2AE8F}.MinSizeRel|x64.Build.0 = MinSizeRel|x64
		{1DFAD65D-FA0E-32F5-8807-959844F2AE8F}.RelWithDebInfo|x64.ActiveCfg = RelWithDebInfo|x64
		{1DFAD65D-FA0E-32F5-8807-959844F2AE8F}.RelWithDebInfo|x64.Build.0 = RelWithDebInfo|x64
		{88E967EB-5656-378B-87B1-6F87FCB96A47}.Debug|x64.ActiveCfg = Debug|x64
		{88E967EB-5656-378B-87B1-6F87FCB96A47}.Debug|x64.Build.0 = Debug|x64
		{88E967EB-5656-378B-87B1-6F87FCB96A47}.Release|x64.ActiveCfg = Release|x64
		{88E967EB-5656-378B-87B1-6F87FCB96A47}.Release|x64.Build.0 = Release|x64
		{88E967EB-5656-378B-87B1-6F87FCB96A47}.MinSizeRel|x64.ActiveCfg = MinSizeRel|x64
		{88E967EB-5656-378B-87B1-6F87FCB96A47}.MinSizeRel|x64.Build.0 = MinSizeRel|x64
		{88E967EB-5656-378B-87B1-6F87FCB96A47}.RelWithDebInfo|x64.ActiveCfg = RelWithDebInfo|x64
		{88E967EB-5656-378B-87B1-6F87FCB96A47}.RelWithDebInfo|x64.Build.0 = RelWithDebInfo|x64
		{F33958C6-0F7F-3B8F-B376-641E83EA6866}.Debug|x64.ActiveCfg = Debug|x64
		{F33958C6-0F7F-3B8F-B376-641E83EA6866}.Debug|x64.Build.0 = Debug|x64
		{F33958C6-0F7F-3B8F-B376-641E83EA6866}.Release|x64.ActiveCfg = Release|x64
		{F33958C6-0F7F-3B8F-B376-641E83EA6866}.Release|x64.Build.0 = Release|x64
		{F33958C6-0F7F-3B8F-B376-641E83EA6866}.MinSizeRel|x64.ActiveCfg = MinSizeRel|x64
		{F33958C6-0F7F-3B8F-B376-641E83EA6866}.MinSizeRel|x64.Build.0 = MinSizeRel|x64
		{F33958C6-0F7F-3B8F-B376-641E83EA6866}.RelWithDebInfo|x64.ActiveCfg = RelWithDebInfo|x64
		{F33958C6-0F7F-3B8F-B376-641E83EA6866}.RelWithDebInfo|x64.Build.0 = RelWithDebInfo|x64
		{C21AA352-72AB-3D41-8771-38F6053BD445}.Debug|x64.ActiveCfg = Debug|x64
		{C21AA352-72AB-3D41-8771-38F6053BD445}.Debug|x64.Build.0 = Debug|x64
		{C21AA352-72AB-3D41-8771-38F6053BD445}.Release|x64.ActiveCfg = Release|x64
		{C21AA352-72AB-3D41-8771-38F6053BD445}.Release|x64.Build.0 = Release|x64
		{C21AA352-72AB-3D41-8771-38F6053BD445}.MinSizeRel|x64.ActiveCfg = MinSizeRel|x64
		{C21AA352-72AB-3D41-8771-38F6053BD445}.MinSizeRel|x64.Build.0 = MinSizeRel|x64
		{C21AA352-72AB-3D41-8771-38F6053BD445}.RelWithDebInfo|x64.ActiveCfg = RelWithDebInfo|x64
		{C21AA352-72AB-3D41-8771-38F6053BD445}.RelWithDebInfo|x64.Build.0 = RelWithDebInfo|x64
		{EAFE2C78-ABCE-3674-9736-94248FB046A3}.Debug|x64.ActiveCfg = Debug|x64
		{EAFE2C78-ABCE-3674-9736-94248FB046A3}.Debug|x64.Build.0 = Debug|x64
		{EAFE2C78-ABCE-3674-9736-94248FB046A3}.Release|x64.ActiveCfg = Release|x64
		{EAFE2C78-ABCE-3674-9736-94248FB046A3}.Release|x64.Build.0 = Release|x64
		{EAFE2C78-ABCE-3674-9736-94248FB046A3}.MinSizeRel|x64.ActiveCfg = MinSizeRel|x64
		{EAFE2C78-ABCE-3674-9736-94248FB046A3}.MinSizeRel|x64.Build.0 = MinSizeRel|x64
		{EAFE2C78-ABCE-3674-9736-94248FB046A3}.RelWithDebInfo|x64.ActiveCfg = RelWithDebInfo|x64
		{EAFE2C78-ABCE-3674-9736-94248FB046A3}.RelWithDebInfo|x64.Build.0 = RelWithDebInfo|x64
		{DACEC25F-6AAF-3E9C-A961-6097F955844A}.Debug|x64.ActiveCfg = Debug|x64
		{DACEC25F-6AAF-3E9C-A961-6097F955844A}.Debug|x64.Build.0 = Debug|x64
		{DACEC25F-6AAF-3E9C-A961-6097F955844A}.Release|x64.ActiveCfg = Release|x64
		{DACEC25F-6AAF-3E9C-A961-6097F955844A}.Release|x64.Build.0 = Release|x64
		{DACEC25F-6AAF-3E9C-A961-6097F955844A}.MinSizeRel|x64.ActiveCfg = MinSizeRel|x64
		{DACEC25F-6AAF-3E9C-A961-6097F955844A}.MinSizeRel|x64.Build.0 = MinSizeRel|x64
		{DACEC25F-6AAF-3E9C-A961-6097F955844A}.RelWithDebInfo|x64.ActiveCfg = RelWithDebInfo|x64
		{DACEC25F-6AAF-3E9C-A961-6097F955844A}.RelWithDebInfo|x64.Build.0 = RelWithDebInfo|x64
		{4EF64B7F-AE66-3880-A536-13BD47B0CC6D}.Debug|x64.ActiveCfg = Debug|x64
		{4EF64B7F-AE66-3880-A536-13BD47B0CC6D}.Debug|x64.Build.0 = Debug|x64
		{4EF64B7F-AE66-3880-A536-13BD47B0CC6D}.Release|x64.ActiveCfg = Release|x64
		{4EF64B7F-AE66-3880-A536-13BD47B0CC6D}.Release|x64.Build.0 = Release|x64
		{4EF64B7F-AE66-3880-A536-13BD47B0CC6D}.MinSizeRel|x64.ActiveCfg = MinSizeRel|x64
		{4EF64B7F-AE66-3880-A536-13BD47B0CC6D}.MinSizeRel|x64.Build.0 = MinSizeRel|x64
		{4EF64B7F-AE66-3880-A536-13BD47B0CC6D}.RelWithDebInfo|x64.ActiveCfg = RelWithDebInfo|x64
		{4EF64B7F-AE66-3880-A536-13BD47B0CC6D}.RelWithDebInfo|x64.Build.0 = RelWithDebInfo|x64
		{9511D2AA-352C-39A6-A859-34665E7C34C1}.Debug|x64.ActiveCfg = Debug|x64
		{9511D2AA-352C-39A6-A859-34665E7C34C1}.Debug|x64.Build.0 = Debug|x64
		{9511D2AA-352C-39A6-A859-34665E7C34C1}.Release|x64.ActiveCfg = Release|x64
		{9511D2AA-352C-39A6-A859-34665E7C34C1}.Release|x64.Build.0 = Release|x64
		{9511D2AA-352C-39A6-A859-34665E7C34C1}.MinSizeRel|x64.ActiveCfg = MinSizeRel|x64
		{9511D2AA-352C-39A6-A859-34665E7C34C1}.MinSizeRel|x64.Build.0 = MinSizeRel|x64
		{9511D2AA-352C-39A6-A859-34665E7C34C1}.RelWithDebInfo|x64.ActiveCfg = RelWithDebInfo|x64
		{9511D2AA-352C-39A6-A859-34665E7C34C1}.RelWithDebInfo|x64.Build.0 = RelWithDebInfo|x64
		{388733A6-AD4A-34DB-AB13-2ABFC5AE235A}.Debug|x64.ActiveCfg = Debug|x64
		{388733A6-AD4A-34DB-AB13-2ABFC5AE235A}.Debug|x64.Build.0 = Debug|x64
		{388733A6-AD4A-34DB-AB13-2ABFC5AE235A}.Release|x64.ActiveCfg = Release|x64
		{388733A6-AD4A-34DB-AB13-2ABFC5AE235A}.Release|x64.Build.0 = Release|x64
		{388733A6-AD4A-34DB-AB13-2ABFC5AE235A}.MinSizeRel|x64.ActiveCfg = MinSizeRel|x64
		{388733A6-AD4A-34DB-AB13-2ABFC5AE235A}.MinSizeRel|x64.Build.0 = MinSizeRel|x64
		{388733A6-AD4A-34DB-AB13-2ABFC5AE235A}.RelWithDebInfo|x64.ActiveCfg = RelWithDebInfo|x64
		{388733A6-AD4A-34DB-AB13-2ABFC5AE235A}.RelWithDebInfo|x64.Build.0 = RelWithDebInfo|x64
		{1581BAA8-2977-3E3E-8C31-1018CABF63C9}.Debug|x64.ActiveCfg = Debug|x64
		{1581BAA8-2977-3E3E-8C31-1018CABF63C9}.Debug|x64.Build.0 = Debug|x64
		{1581BAA8-2977-3E3E-8C31-1018CABF63C9}.Release|x64.ActiveCfg = Release|x64
		{1581BAA8-2977-3E3E-8C31-1018CABF63C9}.Release|x64.Build.0 = Release|x64
		{1581BAA8-2977-3E3E-8C31-1018CABF63C9}.MinSizeRel|x64.ActiveCfg = MinSizeRel|x64
		{1581BAA8-2977-3E3E-8C31-1018CABF63C9}.MinSizeRel|x64.Build.0 = MinSizeRel|x64
		{1581BAA8-2977-3E3E-8C31-1018CABF63C9}.RelWithDebInfo|x64.ActiveCfg = RelWithDebInfo|x64
		{1581BAA8-2977-3E3E-8C31-1018CABF63C9}.RelWithDebInfo|x64.Build.0 = RelWithDebInfo|x64
		{8E4EF2EA-AEF8-3BBA-A867-4C361FE581B3}.Debug|x64.ActiveCfg = Debug|x64
		{8E4EF2EA-AEF8-3BBA-A867-4C361FE581B3}.Debug|x64.Build.0 = Debug|x64
		{8E4EF2EA-AEF8-3BBA-A867-4C361FE581B3}.Release|x64.ActiveCfg = Release|x64
		{8E4EF2EA-AEF8-3BBA-A867-4C361FE581B3}.Release|x64.Build.0 = Release|x64
		{8E4EF2EA-AEF8-3BBA-A867-4C361FE581B3}.MinSizeRel|x64.ActiveCfg = MinSizeRel|x64
		{8E4EF2EA-AEF8-3BBA-A867-4C361FE581B3}.MinSizeRel|x64.Build.0 = MinSizeRel|x64
		{8E4EF2EA-AEF8-3BBA-A867-4C361FE581B3}.RelWithDebInfo|x64.ActiveCfg = RelWithDebInfo|x64
		{8E4EF2EA-AEF8-3BBA-A867-4C361FE581B3}.RelWithDebInfo|x64.Build.0 = RelWithDebInfo|x64
		{DDABE2D3-0242-30CE-98BC-9C920F2F2F80}.Debug|x64.ActiveCfg = Debug|x64
		{DDABE2D3-0242-30CE-98BC-9C920F2F2F80}.Debug|x64.Build.0 = Debug|x64
		{DDABE2D3-0242-30CE-98BC-9C920F2F2F80}.Release|x64.ActiveCfg = Release|x64
		{DDABE2D3-0242-30CE-98BC-9C920F2F2F80}.Release|x64.Build.0 = Release|x64
		{DDABE2D3-0242-30CE-98BC-9C920F2F2F80}.MinSizeRel|x64.ActiveCfg = MinSizeRel|x64
		{DDABE2D3-0242-30CE-98BC-9C920F2F2F80}.MinSizeRel|x64.Build.0 = MinSizeRel|x64
		{DDABE2D3-0242-30CE-98BC-9C920F2F2F80}.RelWithDebInfo|x64.ActiveCfg = RelWithDebInfo|x64
		{DDABE2D3-0242-30CE-98BC-9C920F2F2F80}.RelWithDebInfo|x64.Build.0 = RelWithDebInfo|x64
		{8CD231C8-3668-391F-AD30-5DA66471B23F}.Debug|x64.ActiveCfg = Debug|x64
		{8CD231C8-3668-391F-AD30-5DA66471B23F}.Debug|x64.Build.0 = Debug|x64
		{8CD231C8-3668-391F-AD30-5DA66471B23F}.Release|x64.ActiveCfg = Release|x64
		{8CD231C8-3668-391F-AD30-5DA66471B23F}.Release|x64.Build.0 = Release|x64
		{8CD231C8-3668-391F-AD30-5DA66471B23F}.MinSizeRel|x64.ActiveCfg = MinSizeRel|x64
		{8CD231C8-3668-391F-AD30-5DA66471B23F}.MinSizeRel|x64.Build.0 = MinSizeRel|x64
		{8CD231C8-3668-391F-AD30-5DA66471B23F}.RelWithDebInfo|x64.ActiveCfg = RelWithDebInfo|x64
		{8CD231C8-3668-391F-AD30-5DA66471B23F}.RelWithDebInfo|x64.Build.0 = RelWithDebInfo|x64
		{528F894D-578C-35C6-A320-CBA07C0FCB60}.Debug|x64.ActiveCfg = Debug|x64
		{528F894D-578C-35C6-A320-CBA07C0FCB60}.Debug|x64.Build.0 = Debug|x64
		{528F894D-578C-35C6-A320-CBA07C0FCB60}.Release|x64.ActiveCfg = Release|x64
		{528F894D-578C-35C6-A320-CBA07C0FCB60}.Release|x64.Build.0 = Release|x64
		{528F894D-578C-35C6-A320-CBA07C0FCB60}.MinSizeRel|x64.ActiveCfg = MinSizeRel|x64
		{528F894D-578C-35C6-A320-CBA07C0FCB60}.MinSizeRel|x64.Build.0 = MinSizeRel|x64
		{528F894D-578C-35C6-A320-CBA07C0FCB60}.RelWithDebInfo|x64.ActiveCfg = RelWithDebInfo|x64
		{528F894D-578C-35C6-A320-CBA07C0FCB60}.RelWithDebInfo|x64.Build.0 = RelWithDebInfo|x64
		{C4D1EC43-D7E8-348D-BCAA-E92244D6C716}.Debug|x64.ActiveCfg = Debug|x64
		{C4D1EC43-D7E8-348D-BCAA-E92244D6C716}.Debug|x64.Build.0 = Debug|x64
		{C4D1EC43-D7E8-348D-BCAA-E92244D6C716}.Release|x64.ActiveCfg = Release|x64
		{C4D1EC43-D7E8-348D-BCAA-E92244D6C716}.Release|x64.Build.0 = Release|x64
		{C4D1EC43-D7E8-348D-BCAA-E92244D6C716}.MinSizeRel|x64.ActiveCfg = MinSizeRel|x64
		{C4D1EC43-D7E8-348D-BCAA-E92244D6C716}.MinSizeRel|x64.Build.0 = MinSizeRel|x64
		{C4D1EC43-D7E8-348D-BCAA-E92244D6C716}.RelWithDebInfo|x64.ActiveCfg = RelWithDebInfo|x64
		{C4D1EC43-D7E8-348D-BCAA-E92244D6C716}.RelWithDebInfo|x64.Build.0 = RelWithDebInfo|x64
		{CEBF7820-7CB4-3C67-B6FC-E53B8E024622}.Debug|x64.ActiveCfg = Debug|x64
		{CEBF7820-7CB4-3C67-B6FC-E53B8E024622}.Debug|x64.Build.0 = Debug|x64
		{CEBF7820-7CB4-3C67-B6FC-E53B8E024622}.Release|x64.ActiveCfg = Release|x64
		{CEBF7820-7CB4-3C67-B6FC-E53B8E024622}.Release|x64.Build.0 = Release|x64
		{CEBF7820-7CB4-3C67-B6FC-E53B8E024622}.MinSizeRel|x64.ActiveCfg = MinSizeRel|x64
		{CEBF7820-7CB4-3C67-B6FC-E53B8E024622}.MinSizeRel|x64.Build.0 = MinSizeRel|x64
		{CEBF7820-7CB4-3C67-B6FC-E53B8E024622}.RelWithDebInfo|x64.ActiveCfg = RelWithDebInfo|x64
		{CEBF7820-7CB4-3C67-B6FC-E53B8E024622}.RelWithDebInfo|x64.Build.0 = RelWithDebInfo|x64
		{A2D824F6-59F1-311F-B6BB-D17AFA9161FE}.Debug|x64.ActiveCfg = Debug|x64
		{A2D824F6-59F1-311F-B6BB-D17AFA9161FE}.Debug|x64.Build.0 = Debug|x64
		{A2D824F6-59F1-311F-B6BB-D17AFA9161FE}.Release|x64.ActiveCfg = Release|x64
		{A2D824F6-59F1-311F-B6BB-D17AFA9161FE}.Release|x64.Build.0 = Release|x64
		{A2D824F6-59F1-311F-B6BB-D17AFA9161FE}.MinSizeRel|x64.ActiveCfg = MinSizeRel|x64
		{A2D824F6-59F1-311F-B6BB-D17AFA9161FE}.MinSizeRel|x64.Build.0 = MinSizeRel|x64
		{A2D824F6-59F1-311F-B6BB-D17AFA9161FE}.RelWithDebInfo|x64.ActiveCfg = RelWithDebInfo|x64
		{A2D824F6-59F1-311F-B6BB-D17AFA9161FE}.RelWithDebInfo|x64.Build.0 = RelWithDebInfo|x64
		{238F5CA1-BB91-3738-B5CA-2B4272A92A10}.Debug|x64.ActiveCfg = Debug|x64
		{238F5CA1-BB91-3738-B5CA-2B4272A92A10}.Debug|x64.Build.0 = Debug|x64
		{238F5CA1-BB91-3738-B5CA-2B4272A92A10}.Release|x64.ActiveCfg = Release|x64
		{238F5CA1-BB91-3738-B5CA-2B4272A92A10}.Release|x64.Build.0 = Release|x64
		{238F5CA1-BB91-3738-B5CA-2B4272A92A10}.MinSizeRel|x64.ActiveCfg = MinSizeRel|x64
		{238F5CA1-BB91-3738-B5CA-2B4272A92A10}.MinSizeRel|x64.Build.0 = MinSizeRel|x64
		{238F5CA1-BB91-3738-B5CA-2B4272A92A10}.RelWithDebInfo|x64.ActiveCfg = RelWithDebInfo|x64
		{238F5CA1-BB91-3738-B5CA-2B4272A92A10}.RelWithDebInfo|x64.Build.0 = RelWithDebInfo|x64
	EndGlobalSection
	GlobalSection(NestedProjects) = preSolution
		{361CC55A-25E5-38F7-9801-470AA3D3810D} = {9DE66D3A-E500-3672-86A4-538D7D14FE71}
		{EBB011E1-D606-3CBB-9CEA-A59863471ABA} = {9DE66D3A-E500-3672-86A4-538D7D14FE71}
		{AF46AD19-6724-3532-B2FE-489CE19E1CFD} = {9DE66D3A-E500-3672-86A4-538D7D14FE71}
		{A2D824F6-59F1-311F-B6BB-D17AFA9161FE} = {786FE469-3C2E-3245-B7C2-8D4998CC091F}
		{817A025D-4E62-3AB3-AFF0-1991D5BB22E8} = {C74822B8-6A25-39B3-ADE6-51AE95437397}
		{71EEAA97-A48A-301A-BC4B-BD665E9A5A53} = {C74822B8-6A25-39B3-ADE6-51AE95437397}
		{24893900-9CAC-3AEC-A8D1-5042F6624428} = {C74822B8-6A25-39B3-ADE6-51AE95437397}
		{A8C3C6F9-5696-3662-94DE-B4C2441FE510} = {C74822B8-6A25-39B3-ADE6-51AE95437397}
		{602EAD9A-928E-3BB6-B61F-E9CE5E440E00} = {C74822B8-6A25-39B3-ADE6-51AE95437397}
		{24BFFCD0-827B-3AB4-B616-569A544779FA} = {C74822B8-6A25-39B3-ADE6-51AE95437397}
		{70688DFE-5275-3D24-A4EF-7F7906BCAB66} = {C74822B8-6A25-39B3-ADE6-51AE95437397}
		{0FB8974A-66F7-3BB7-B414-FBF66BFBA74C} = {C74822B8-6A25-39B3-ADE6-51AE95437397}
		{EB7B7105-CC7E-384C-A175-757D6D2E2E04} = {C74822B8-6A25-39B3-ADE6-51AE95437397}
		{32A84C5D-105C-3723-A9F2-9463BC3B77A5} = {C74822B8-6A25-39B3-ADE6-51AE95437397}
		{724C01ED-2CE8-3703-9915-433CDEA5B7FF} = {C74822B8-6A25-39B3-ADE6-51AE95437397}
		{8E722E86-272A-3FC8-9B37-AC2B1B49C5A4} = {C74822B8-6A25-39B3-ADE6-51AE95437397}
		{F3BE201E-2A58-3CF4-8917-FFCF5A8041D1} = {C74822B8-6A25-39B3-ADE6-51AE95437397}
		{194B55E0-5711-3FEB-BFF3-6D8973B71B9B} = {C74822B8-6A25-39B3-ADE6-51AE95437397}
		{23721C3D-B9AA-3D04-B508-62DB86E2C976} = {C74822B8-6A25-39B3-ADE6-51AE95437397}
		{5DBCDC5A-30FF-3ECE-A545-28A7AD35EA06} = {C74822B8-6A25-39B3-ADE6-51AE95437397}
		{1DFAD65D-FA0E-32F5-8807-959844F2AE8F} = {C74822B8-6A25-39B3-ADE6-51AE95437397}
		{88E967EB-5656-378B-87B1-6F87FCB96A47} = {C74822B8-6A25-39B3-ADE6-51AE95437397}
		{F33958C6-0F7F-3B8F-B376-641E83EA6866} = {C74822B8-6A25-39B3-ADE6-51AE95437397}
		{C21AA352-72AB-3D41-8771-38F6053BD445} = {C74822B8-6A25-39B3-ADE6-51AE95437397}
		{EAFE2C78-ABCE-3674-9736-94248FB046A3} = {C74822B8-6A25-39B3-ADE6-51AE95437397}
		{DACEC25F-6AAF-3E9C-A961-6097F955844A} = {C74822B8-6A25-39B3-ADE6-51AE95437397}
		{4EF64B7F-AE66-3880-A536-13BD47B0CC6D} = {C74822B8-6A25-39B3-ADE6-51AE95437397}
		{9511D2AA-352C-39A6-A859-34665E7C34C1} = {C74822B8-6A25-39B3-ADE6-51AE95437397}
		{388733A6-AD4A-34DB-AB13-2ABFC5AE235A} = {C74822B8-6A25-39B3-ADE6-51AE95437397}
		{DDABE2D3-0242-30CE-98BC-9C920F2F2F80} = {C74822B8-6A25-39B3-ADE6-51AE95437397}
		{8CD231C8-3668-391F-AD30-5DA66471B23F} = {C74822B8-6A25-39B3-ADE6-51AE95437397}
		{C4D1EC43-D7E8-348D-BCAA-E92244D6C716} = {C74822B8-6A25-39B3-ADE6-51AE95437397}
		{238F5CA1-BB91-3738-B5CA-2B4272A92A10} = {8D9B237C-608E-3C59-9EA6-2976C7073422}
		{4E9FC4B2-B556-366F-AA23-89A9A8B2BBD5} = {C132EE68-AFA4-3CCC-B836-59E987284E8C}
		{A9D6440C-DC4E-36B1-8863-69A465699CDA} = {C132EE68-AFA4-3CCC-B836-59E987284E8C}
		{E0B43F00-C977-3A58-9D20-83E1A3831FAB} = {C132EE68-AFA4-3CCC-B836-59E987284E8C}
		{3A8FB46A-32AC-3FC1-A328-EC455E9648BF} = {C132EE68-AFA4-3CCC-B836-59E987284E8C}
		{23B6E3AA-56CB-3E97-96B2-4C8B3A8D56A4} = {C132EE68-AFA4-3CCC-B836-59E987284E8C}
		{7C0F4F7D-2F31-3AA8-8DD2-F0FB75096439} = {C132EE68-AFA4-3CCC-B836-59E987284E8C}
		{A0B254B8-0BF7-3DF4-98E1-1DC63FC81BB3} = {C132EE68-AFA4-3CCC-B836-59E987284E8C}
		{6C34FDAE-4F04-3A4A-828F-FCB4FFDF837B} = {C132EE68-AFA4-3CCC-B836-59E987284E8C}
		{A9EBE437-EEFD-3932-838C-6F154FE7F376} = {C132EE68-AFA4-3CCC-B836-59E987284E8C}
		{1581BAA8-2977-3E3E-8C31-1018CABF63C9} = {C132EE68-AFA4-3CCC-B836-59E987284E8C}
		{8E4EF2EA-AEF8-3BBA-A867-4C361FE581B3} = {C132EE68-AFA4-3CCC-B836-59E987284E8C}
		{528F894D-578C-35C6-A320-CBA07C0FCB60} = {C132EE68-AFA4-3CCC-B836-59E987284E8C}
		{CEBF7820-7CB4-3C67-B6FC-E53B8E024622} = {C132EE68-AFA4-3CCC-B836-59E987284E8C}
	EndGlobalSection
	GlobalSection(ExtensibilityGlobals) = postSolution
		SolutionGuid = {6597984F-8F3B-327A-B6DE-B2AD8ECB797C}
	EndGlobalSection
	GlobalSection(ExtensibilityAddIns) = postSolution
	EndGlobalSection
EndGlobal
